obj:72824.0, sol:[[0, 15], [1, 20], [2, 11], [3, 24], [4, 13], [5, 4], [6, 1], [7, 25], [8, 16], [9, 2], [10, 8], [11, 3], [12, 21], [13, 26], [14, 0], [15, 12], [16, 9], [17, 5], [18, 27], [19, 6], [20, 19], [21, 28], [22, 18], [23, 14], [24, 7], [25, 22], [26, 10], [27, 29], [28, 23], [29, 17]], time:21.53706669807434