obj:86892.0, sol:[[0, 12], [1, 28], [2, 17], [3, 19], [4, 2], [5, 0], [6, 11], [7, 13], [8, 29], [9, 27], [10, 21], [11, 23], [12, 10], [13, 16], [14, 9], [15, 18], [16, 4], [17, 5], [18, 22], [19, 7], [20, 1], [21, 15], [22, 24], [23, 8], [24, 20], [25, 6], [26, 14], [27, 3], [28, 25], [29, 26]], time:39.64181709289551