obj:105256.0, sol:[[0, 9], [1, 21], [2, 0], [3, 15], [4, 18], [5, 26], [6, 19], [7, 7], [8, 12], [9, 3], [10, 16], [11, 14], [12, 8], [13, 6], [14, 28], [15, 11], [16, 23], [17, 27], [18, 25], [19, 17], [20, 29], [21, 22], [22, 1], [23, 24], [24, 20], [25, 4], [26, 5], [27, 13], [28, 10], [29, 2]], time:21.523560047149658