obj:98458.0, sol:[[0, 0], [1, 26], [2, 13], [3, 25], [4, 27], [5, 15], [6, 10], [7, 1], [8, 28], [9, 9], [10, 12], [11, 11], [12, 2], [13, 22], [14, 8], [15, 20], [16, 3], [17, 16], [18, 24], [19, 5], [20, 6], [21, 4], [22, 14], [23, 7], [24, 17], [25, 23], [26, 18], [27, 21], [28, 19], [29, 29]], time:25.887266874313354