obj:79396.0, sol:[[0, 9], [1, 21], [2, 17], [3, 5], [4, 6], [5, 7], [6, 16], [7, 13], [8, 26], [9, 25], [10, 19], [11, 24], [12, 1], [13, 12], [14, 23], [15, 15], [16, 11], [17, 18], [18, 22], [19, 29], [20, 20], [21, 0], [22, 27], [23, 14], [24, 4], [25, 10], [26, 2], [27, 28], [28, 3], [29, 8]], time:17.935232162475586