obj:100966.0, sol:[[0, 11], [1, 25], [2, 21], [3, 20], [4, 12], [5, 1], [6, 23], [7, 28], [8, 4], [9, 22], [10, 26], [11, 19], [12, 29], [13, 14], [14, 27], [15, 24], [16, 6], [17, 16], [18, 2], [19, 13], [20, 3], [21, 8], [22, 0], [23, 10], [24, 7], [25, 15], [26, 9], [27, 5], [28, 17], [29, 18]], time:19.44385313987732