obj:69226.0, sol:[[0, 26], [1, 21], [2, 8], [3, 10], [4, 16], [5, 17], [6, 0], [7, 13], [8, 27], [9, 12], [10, 9], [11, 4], [12, 23], [13, 19], [14, 5], [15, 24], [16, 25], [17, 18], [18, 22], [19, 6], [20, 1], [21, 2], [22, 11], [23, 29], [24, 20], [25, 15], [26, 3], [27, 28], [28, 14], [29, 7]], time:10.321975469589233