obj:93446.0, sol:[[0, 14], [1, 3], [2, 28], [3, 10], [4, 12], [5, 21], [6, 23], [7, 27], [8, 25], [9, 7], [10, 6], [11, 9], [12, 4], [13, 22], [14, 20], [15, 29], [16, 13], [17, 0], [18, 5], [19, 18], [20, 11], [21, 15], [22, 26], [23, 17], [24, 24], [25, 8], [26, 19], [27, 1], [28, 16], [29, 2]], time:91.55967688560486