obj:110548.0, sol:[[0, 16], [1, 27], [2, 21], [3, 26], [4, 17], [5, 10], [6, 3], [7, 28], [8, 6], [9, 23], [10, 0], [11, 20], [12, 8], [13, 22], [14, 14], [15, 2], [16, 19], [17, 24], [18, 13], [19, 12], [20, 9], [21, 1], [22, 18], [23, 11], [24, 5], [25, 7], [26, 4], [27, 29], [28, 25], [29, 15]], time:36.03836631774902