obj:81698.0, sol:[[0, 20], [1, 4], [2, 19], [3, 13], [4, 28], [5, 12], [6, 3], [7, 11], [8, 2], [9, 25], [10, 14], [11, 18], [12, 17], [13, 21], [14, 6], [15, 8], [16, 23], [17, 10], [18, 9], [19, 15], [20, 24], [21, 16], [22, 1], [23, 5], [24, 0], [25, 22], [26, 7], [27, 29], [28, 27], [29, 26]], time:21.467491149902344