obj:63234.0, sol:[[0, 14], [1, 22], [2, 15], [3, 13], [4, 12], [5, 17], [6, 8], [7, 9], [8, 11], [9, 27], [10, 6], [11, 24], [12, 21], [13, 23], [14, 10], [15, 2], [16, 4], [17, 1], [18, 20], [19, 18], [20, 19], [21, 29], [22, 3], [23, 5], [24, 26], [25, 16], [26, 28], [27, 7], [28, 25], [29, 0]], time:23.573583841323853