obj:98504.0, sol:[[0, 21], [1, 3], [2, 5], [3, 14], [4, 27], [5, 11], [6, 15], [7, 24], [8, 6], [9, 4], [10, 8], [11, 28], [12, 18], [13, 26], [14, 10], [15, 1], [16, 20], [17, 0], [18, 17], [19, 19], [20, 13], [21, 12], [22, 25], [23, 16], [24, 7], [25, 29], [26, 23], [27, 9], [28, 22], [29, 2]], time:43.65244722366333