obj:93014.0, sol:[[0, 25], [1, 10], [2, 21], [3, 2], [4, 7], [5, 1], [6, 14], [7, 4], [8, 13], [9, 29], [10, 0], [11, 19], [12, 3], [13, 23], [14, 11], [15, 27], [16, 18], [17, 20], [18, 9], [19, 17], [20, 28], [21, 15], [22, 22], [23, 16], [24, 26], [25, 12], [26, 6], [27, 24], [28, 8], [29, 5]], time:51.87370586395264