obj:74066.0, sol:[[0, 27], [1, 4], [2, 25], [3, 29], [4, 9], [5, 11], [6, 13], [7, 20], [8, 21], [9, 6], [10, 23], [11, 7], [12, 14], [13, 22], [14, 24], [15, 5], [16, 12], [17, 26], [18, 1], [19, 8], [20, 0], [21, 3], [22, 15], [23, 2], [24, 7], [25, 18], [26, 19], [27, 17], [28, 12], [29, 16]], time:37.93974542617798