obj:75990.0, sol:[[0, 4], [1, 7], [2, 19], [3, 5], [4, 18], [5, 27], [6, 0], [7, 26], [8, 22], [9, 2], [10, 29], [11, 25], [12, 8], [13, 17], [14, 24], [15, 16], [16, 11], [17, 1], [18, 28], [19, 21], [20, 6], [21, 12], [22, 10], [23, 23], [24, 3], [25, 15], [26, 20], [27, 14], [28, 13], [29, 9]], time:31.46670699119568