obj:78052.0, sol:[[0, 24], [1, 4], [2, 26], [3, 18], [4, 13], [5, 12], [6, 27], [7, 6], [8, 16], [9, 1], [10, 3], [11, 17], [12, 15], [13, 25], [14, 29], [15, 0], [16, 22], [17, 9], [18, 8], [19, 23], [20, 28], [21, 5], [22, 11], [23, 21], [24, 19], [25, 2], [26, 7], [27, 14], [28, 20], [29, 10]], time:19.095070838928223