obj:83398.0, sol:[[0, 11], [1, 1], [2, 6], [3, 24], [4, 21], [5, 15], [6, 7], [7, 2], [8, 12], [9, 17], [10, 16], [11, 29], [12, 19], [13, 5], [14, 8], [15, 14], [16, 25], [17, 27], [18, 18], [19, 26], [20, 28], [21, 0], [22, 20], [23, 13], [24, 4], [25, 9], [26, 3], [27, 23], [28, 10], [29, 22]], time:28.642817497253418