obj:91990.0, sol:[[0, 14], [1, 29], [2, 10], [3, 9], [4, 24], [5, 27], [6, 15], [7, 25], [8, 8], [9, 12], [10, 1], [11, 19], [12, 11], [13, 3], [14, 20], [15, 0], [16, 23], [17, 18], [18, 2], [19, 7], [20, 21], [21, 22], [22, 28], [23, 26], [24, 5], [25, 13], [26, 16], [27, 6], [28, 4], [29, 17]], time:19.942484140396118