obj:75946.0, sol:[[0, 18], [1, 11], [2, 25], [3, 5], [4, 17], [5, 9], [6, 28], [7, 29], [8, 13], [9, 22], [10, 19], [11, 3], [12, 14], [13, 12], [14, 20], [15, 15], [16, 24], [17, 2], [18, 23], [19, 16], [20, 7], [21, 21], [22, 8], [23, 6], [24, 0], [25, 26], [26, 10], [27, 1], [28, 27], [29, 4]], time:27.296316385269165