obj:89424.0, sol:[[0, 9], [1, 16], [2, 24], [3, 10], [4, 11], [5, 28], [6, 0], [7, 22], [8, 12], [9, 8], [10, 19], [11, 15], [12, 20], [13, 6], [14, 26], [15, 1], [16, 25], [17, 17], [18, 23], [19, 3], [20, 14], [21, 29], [22, 27], [23, 18], [24, 13], [25, 21], [26, 4], [27, 5], [28, 2], [29, 7]], time:29.687684774398804