obj:82278.0, sol:[[0, 28], [1, 0], [2, 14], [3, 12], [4, 21], [5, 26], [6, 6], [7, 11], [8, 20], [9, 19], [10, 13], [11, 3], [12, 22], [13, 1], [14, 10], [15, 24], [16, 27], [17, 18], [18, 7], [19, 15], [20, 5], [21, 23], [22, 8], [23, 25], [24, 17], [25, 16], [26, 2], [27, 4], [28, 29], [29, 9]], time:13.856247901916504