obj:85420.0, sol:[[0, 7], [1, 6], [2, 29], [3, 3], [4, 14], [5, 11], [6, 19], [7, 0], [8, 17], [9, 4], [10, 10], [11, 18], [12, 23], [13, 12], [14, 1], [15, 20], [16, 24], [17, 2], [18, 26], [19, 16], [20, 21], [21, 28], [22, 5], [23, 13], [24, 25], [25, 8], [26, 9], [27, 15], [28, 27], [29, 22]], time:53.29909372329712