obj:63254.0, sol:[[0, 16], [1, 7], [2, 9], [3, 8], [4, 27], [5, 4], [6, 29], [7, 17], [8, 15], [9, 19], [10, 1], [11, 5], [12, 12], [13, 10], [14, 6], [15, 22], [16, 20], [17, 3], [18, 11], [19, 21], [20, 26], [21, 14], [22, 24], [23, 18], [24, 25], [25, 13], [26, 23], [27, 0], [28, 2], [29, 28]], time:32.78901410102844