obj:108464.0, sol:[[0, 10], [1, 4], [2, 15], [3, 3], [4, 22], [5, 28], [6, 6], [7, 2], [8, 25], [9, 7], [10, 21], [11, 17], [12, 13], [13, 5], [14, 19], [15, 1], [16, 16], [17, 18], [18, 26], [19, 20], [20, 27], [21, 9], [22, 11], [23, 0], [24, 29], [25, 14], [26, 23], [27, 8], [28, 12], [29, 24]], time:41.659525632858276