obj:81518.0, sol:[[0, 10], [1, 21], [2, 12], [3, 25], [4, 17], [5, 8], [6, 11], [7, 2], [8, 29], [9, 15], [10, 24], [11, 28], [12, 3], [13, 6], [14, 9], [15, 16], [16, 14], [17, 27], [18, 20], [19, 7], [20, 19], [21, 23], [22, 4], [23, 5], [24, 26], [25, 13], [26, 1], [27, 0], [28, 22], [29, 18]], time:22.46207022666931