obj:91556.0, sol:[[0, 5], [1, 25], [2, 23], [3, 24], [4, 20], [5, 29], [6, 22], [7, 1], [8, 18], [9, 7], [10, 6], [11, 0], [12, 16], [13, 2], [14, 9], [15, 13], [16, 19], [17, 8], [18, 4], [19, 15], [20, 17], [21, 26], [22, 12], [23, 3], [24, 10], [25, 27], [26, 14], [27, 21], [28, 28], [29, 11]], time:37.21486687660217