obj:88294.0, sol:[[0, 18], [1, 5], [2, 19], [3, 20], [4, 26], [5, 22], [6, 6], [7, 15], [8, 27], [9, 9], [10, 7], [11, 2], [12, 8], [13, 0], [14, 29], [15, 24], [16, 4], [17, 28], [18, 3], [19, 1], [20, 13], [21, 23], [22, 16], [23, 12], [24, 17], [25, 11], [26, 10], [27, 14], [28, 25], [29, 21]], time:45.03461480140686