obj:78058.0, sol:[[0, 4], [1, 27], [2, 25], [3, 13], [4, 8], [5, 28], [6, 10], [7, 23], [8, 9], [9, 18], [10, 6], [11, 17], [12, 19], [13, 29], [14, 12], [15, 22], [16, 15], [17, 0], [18, 3], [19, 21], [20, 14], [21, 2], [22, 1], [23, 24], [24, 7], [25, 11], [26, 5], [27, 26], [28, 16], [29, 20]], time:17.952082633972168