obj:75270.0, sol:[[0, 23], [1, 0], [2, 6], [3, 1], [4, 20], [5, 22], [6, 21], [7, 2], [8, 25], [9, 26], [10, 14], [11, 9], [12, 17], [13, 28], [14, 18], [15, 10], [16, 4], [17, 24], [18, 16], [19, 8], [20, 19], [21, 29], [22, 7], [23, 15], [24, 11], [25, 13], [26, 5], [27, 12], [28, 27], [29, 3]], time:16.12473750114441