obj:94752.0, sol:[[0, 11], [1, 20], [2, 5], [3, 6], [4, 29], [5, 26], [6, 23], [7, 7], [8, 21], [9, 25], [10, 18], [11, 27], [12, 1], [13, 17], [14, 22], [15, 16], [16, 19], [17, 14], [18, 24], [19, 0], [20, 12], [21, 15], [22, 9], [23, 10], [24, 13], [25, 3], [26, 28], [27, 2], [28, 4], [29, 8]], time:23.740558862686157