obj:84772.0, sol:[[0, 20], [1, 8], [2, 15], [3, 11], [4, 29], [5, 12], [6, 14], [7, 13], [8, 2], [9, 6], [10, 25], [11, 22], [12, 0], [13, 18], [14, 24], [15, 19], [16, 5], [17, 4], [18, 21], [19, 9], [20, 7], [21, 23], [22, 10], [23, 17], [24, 16], [25, 3], [26, 27], [27, 26], [28, 1], [29, 28]], time:22.249271631240845