obj:112672.0, sol:[[0, 10], [1, 26], [2, 22], [3, 28], [4, 18], [5, 20], [6, 9], [7, 7], [8, 24], [9, 14], [10, 4], [11, 25], [12, 12], [13, 11], [14, 15], [15, 29], [16, 1], [17, 13], [18, 6], [19, 0], [20, 21], [21, 5], [22, 19], [23, 23], [24, 8], [25, 17], [26, 2], [27, 27], [28, 16], [29, 3]], time:44.82560157775879