obj:66394.0, sol:[[0, 25], [1, 4], [2, 11], [3, 5], [4, 21], [5, 29], [6, 14], [7, 17], [8, 0], [9, 18], [10, 28], [11, 20], [12, 12], [13, 8], [14, 6], [15, 26], [16, 13], [17, 3], [18, 2], [19, 22], [20, 15], [21, 23], [22, 10], [23, 16], [24, 27], [25, 1], [26, 9], [27, 19], [28, 24], [29, 7]], time:27.18979787826538