obj:94400.0, sol:[[0, 26], [1, 1], [2, 12], [3, 25], [4, 3], [5, 19], [6, 16], [7, 28], [8, 10], [9, 6], [10, 14], [11, 20], [12, 5], [13, 17], [14, 7], [15, 18], [16, 8], [17, 22], [18, 4], [19, 11], [20, 9], [21, 21], [22, 24], [23, 29], [24, 27], [25, 23], [26, 15], [27, 0], [28, 13], [29, 2]], time:23.472498655319214