obj:75024.0, sol:[[0, 21], [1, 4], [2, 26], [3, 13], [4, 9], [5, 1], [6, 14], [7, 11], [8, 16], [9, 0], [10, 28], [11, 8], [12, 20], [13, 3], [14, 2], [15, 5], [16, 7], [17, 18], [18, 23], [19, 22], [20, 10], [21, 12], [22, 19], [23, 6], [24, 27], [25, 24], [26, 25], [27, 29], [28, 15], [29, 17]], time:32.250296115875244