obj:89738.0, sol:[[0, 22], [1, 13], [2, 9], [3, 10], [4, 3], [5, 4], [6, 2], [7, 19], [8, 1], [9, 26], [10, 8], [11, 6], [12, 14], [13, 18], [14, 29], [15, 5], [16, 24], [17, 12], [18, 21], [19, 0], [20, 20], [21, 17], [22, 27], [23, 11], [24, 15], [25, 23], [26, 25], [27, 16], [28, 7], [29, 28]], time:20.203301191329956