obj:82378.0, sol:[[0, 13], [1, 15], [2, 20], [3, 16], [4, 26], [5, 9], [6, 10], [7, 17], [8, 1], [9, 27], [10, 14], [11, 2], [12, 18], [13, 3], [14, 21], [15, 6], [16, 25], [17, 23], [18, 29], [19, 5], [20, 4], [21, 11], [22, 24], [23, 28], [24, 19], [25, 0], [26, 7], [27, 12], [28, 22], [29, 8]], time:40.3008759021759