obj:104362.0, sol:[[0, 7], [1, 16], [2, 5], [3, 6], [4, 21], [5, 26], [6, 23], [7, 20], [8, 24], [9, 28], [10, 1], [11, 19], [12, 11], [13, 12], [14, 0], [15, 3], [16, 9], [17, 17], [18, 10], [19, 8], [20, 18], [21, 27], [22, 25], [23, 13], [24, 14], [25, 15], [26, 4], [27, 2], [28, 29], [29, 22]], time:38.149396896362305