obj:71520.0, sol:[[0, 25], [1, 8], [2, 21], [3, 10], [4, 9], [5, 1], [6, 24], [7, 13], [8, 18], [9, 28], [10, 23], [11, 11], [12, 19], [13, 5], [14, 14], [15, 15], [16, 6], [17, 27], [18, 29], [19, 20], [20, 2], [21, 7], [22, 3], [23, 0], [24, 26], [25, 12], [26, 4], [27, 17], [28, 16], [29, 22]], time:19.999199628829956