obj:65658.0, sol:[[0, 15], [1, 18], [2, 27], [3, 29], [4, 0], [5, 24], [6, 6], [7, 8], [8, 20], [9, 13], [10, 25], [11, 23], [12, 9], [13, 5], [14, 21], [15, 2], [16, 7], [17, 28], [18, 3], [19, 17], [20, 10], [21, 22], [22, 1], [23, 16], [24, 11], [25, 26], [26, 14], [27, 4], [28, 19], [29, 12]], time:11.961490392684937