obj:78880.0, sol:[[0, 14], [1, 24], [2, 8], [3, 22], [4, 12], [5, 28], [6, 23], [7, 4], [8, 16], [9, 20], [10, 3], [11, 11], [12, 7], [13, 29], [14, 2], [15, 18], [16, 15], [17, 25], [18, 9], [19, 27], [20, 6], [21, 1], [22, 13], [23, 17], [24, 21], [25, 26], [26, 0], [27, 19], [28, 5], [29, 10]], time:26.7373628616333