obj:89800.0, sol:[[0, 7], [1, 5], [2, 21], [3, 19], [4, 4], [5, 9], [6, 18], [7, 26], [8, 20], [9, 1], [10, 16], [11, 10], [12, 17], [13, 24], [14, 15], [15, 8], [16, 23], [17, 3], [18, 27], [19, 22], [20, 25], [21, 29], [22, 2], [23, 14], [24, 28], [25, 12], [26, 6], [27, 11], [28, 13], [29, 0]], time:31.782740831375122