obj:99258.0, sol:[[0, 12], [1, 0], [2, 27], [3, 24], [4, 22], [5, 29], [6, 14], [7, 28], [8, 17], [9, 18], [10, 13], [11, 19], [12, 8], [13, 4], [14, 20], [15, 16], [16, 3], [17, 10], [18, 15], [19, 1], [20, 25], [21, 2], [22, 26], [23, 23], [24, 11], [25, 5], [26, 21], [27, 6], [28, 7], [29, 9]], time:42.58818864822388