obj:77676.0, sol:[[0, 1], [1, 4], [2, 2], [3, 17], [4, 13], [5, 25], [6, 23], [7, 27], [8, 10], [9, 24], [10, 16], [11, 29], [12, 0], [13, 26], [14, 15], [15, 18], [16, 5], [17, 3], [18, 14], [19, 12], [20, 9], [21, 19], [22, 8], [23, 11], [24, 7], [25, 22], [26, 6], [27, 21], [28, 28], [29, 20]], time:30.722068786621094