obj:87128.0, sol:[[0, 29], [1, 18], [2, 6], [3, 16], [4, 17], [5, 25], [6, 21], [7, 2], [8, 26], [9, 8], [10, 5], [11, 13], [12, 11], [13, 9], [14, 28], [15, 7], [16, 15], [17, 1], [18, 24], [19, 14], [20, 12], [21, 3], [22, 19], [23, 20], [24, 0], [25, 10], [26, 27], [27, 23], [28, 22], [29, 4]], time:26.990362644195557