obj:118682.0, sol:[[0, 14], [1, 7], [2, 19], [3, 28], [4, 20], [5, 26], [6, 27], [7, 15], [8, 25], [9, 4], [10, 21], [11, 29], [12, 18], [13, 16], [14, 12], [15, 5], [16, 13], [17, 24], [18, 2], [19, 11], [20, 23], [21, 8], [22, 0], [23, 9], [24, 10], [25, 3], [26, 17], [27, 1], [28, 22], [29, 6]], time:38.17404532432556