obj:82398.0, sol:[[0, 19], [1, 13], [2, 14], [3, 5], [4, 11], [5, 10], [6, 25], [7, 18], [8, 17], [9, 28], [10, 3], [11, 7], [12, 24], [13, 0], [14, 16], [15, 6], [16, 4], [17, 26], [18, 29], [19, 12], [20, 9], [21, 27], [22, 15], [23, 1], [24, 23], [25, 21], [26, 8], [27, 22], [28, 20], [29, 2]], time:26.20704698562622