obj:85248.0, sol:[[0, 16], [1, 0], [2, 24], [3, 17], [4, 25], [5, 1], [6, 11], [7, 2], [8, 26], [9, 14], [10, 10], [11, 28], [12, 12], [13, 27], [14, 20], [15, 3], [16, 29], [17, 13], [18, 4], [19, 23], [20, 18], [21, 21], [22, 19], [23, 6], [24, 15], [25, 8], [26, 7], [27, 9], [28, 5], [29, 22]], time:21.228890657424927