obj:76590.0, sol:[[0, 18], [1, 21], [2, 27], [3, 29], [4, 12], [5, 26], [6, 9], [7, 24], [8, 4], [9, 14], [10, 19], [11, 0], [12, 28], [13, 6], [14, 8], [15, 15], [16, 3], [17, 13], [18, 25], [19, 2], [20, 11], [21, 20], [22, 17], [23, 5], [24, 22], [25, 7], [26, 1], [27, 23], [28, 16], [29, 10]], time:10.423569440841675