obj:91270.0, sol:[[0, 23], [1, 25], [2, 7], [3, 12], [4, 2], [5, 16], [6, 28], [7, 18], [8, 13], [9, 27], [10, 5], [11, 26], [12, 19], [13, 24], [14, 20], [15, 15], [16, 10], [17, 21], [18, 3], [19, 9], [20, 29], [21, 17], [22, 4], [23, 22], [24, 8], [25, 1], [26, 0], [27, 6], [28, 11], [29, 14]], time:17.8604154586792