obj:104862.0, sol:[[0, 12], [1, 0], [2, 3], [3, 8], [4, 14], [5, 20], [6, 23], [7, 5], [8, 6], [9, 10], [10, 26], [11, 7], [12, 17], [13, 16], [14, 11], [15, 9], [16, 29], [17, 22], [18, 28], [19, 25], [20, 4], [21, 2], [22, 19], [23, 24], [24, 15], [25, 18], [26, 13], [27, 21], [28, 27], [29, 1]], time:50.39606475830078