obj:82364.0, sol:[[0, 12], [1, 7], [2, 13], [3, 24], [4, 26], [5, 14], [6, 19], [7, 29], [8, 4], [9, 1], [10, 25], [11, 10], [12, 17], [13, 21], [14, 9], [15, 16], [16, 23], [17, 3], [18, 5], [19, 15], [20, 27], [21, 28], [22, 8], [23, 18], [24, 2], [25, 22], [26, 20], [27, 0], [28, 6], [29, 11]], time:24.703445434570312