obj:97150.0, sol:[[0, 19], [1, 4], [2, 10], [3, 3], [4, 0], [5, 21], [6, 15], [7, 28], [8, 29], [9, 2], [10, 1], [11, 13], [12, 23], [13, 17], [14, 25], [15, 18], [16, 11], [17, 20], [18, 26], [19, 22], [20, 12], [21, 6], [22, 14], [23, 16], [24, 8], [25, 27], [26, 24], [27, 5], [28, 7], [29, 9]], time:22.565319061279297