obj:95438.0, sol:[[0, 13], [1, 18], [2, 16], [3, 20], [4, 23], [5, 1], [6, 5], [7, 15], [8, 22], [9, 21], [10, 19], [11, 28], [12, 11], [13, 12], [14, 9], [15, 8], [16, 2], [17, 3], [18, 29], [19, 4], [20, 6], [21, 25], [22, 27], [23, 26], [24, 0], [25, 10], [26, 7], [27, 17], [28, 14], [29, 24]], time:33.0403265953064