obj:74492.0, sol:[[0, 11], [1, 17], [2, 4], [3, 9], [4, 24], [5, 25], [6, 5], [7, 21], [8, 27], [9, 10], [10, 20], [11, 16], [12, 0], [13, 12], [14, 18], [15, 2], [16, 1], [17, 13], [18, 14], [19, 28], [20, 23], [21, 19], [22, 6], [23, 29], [24, 26], [25, 3], [26, 7], [27, 22], [28, 15], [29, 8]], time:16.591488361358643