obj:92746.0, sol:[[0, 6], [1, 24], [2, 18], [3, 20], [4, 10], [5, 23], [6, 3], [7, 21], [8, 8], [9, 16], [10, 7], [11, 0], [12, 15], [13, 25], [14, 17], [15, 19], [16, 2], [17, 22], [18, 12], [19, 29], [20, 9], [21, 28], [22, 26], [23, 13], [24, 5], [25, 1], [26, 11], [27, 27], [28, 4], [29, 14]], time:19.84123992919922