obj:114362.0, sol:[[0, 14], [1, 7], [2, 27], [3, 24], [4, 29], [5, 12], [6, 20], [7, 25], [8, 6], [9, 1], [10, 4], [11, 26], [12, 19], [13, 23], [14, 21], [15, 13], [16, 18], [17, 8], [18, 5], [19, 0], [20, 28], [21, 11], [22, 15], [23, 10], [24, 16], [25, 17], [26, 22], [27, 3], [28, 2], [29, 9]], time:26.33900213241577