obj:99982.0, sol:[[0, 17], [1, 24], [2, 15], [3, 12], [4, 29], [5, 7], [6, 18], [7, 6], [8, 10], [9, 0], [10, 25], [11, 27], [12, 19], [13, 28], [14, 20], [15, 3], [16, 8], [17, 23], [18, 9], [19, 4], [20, 13], [21, 26], [22, 11], [23, 2], [24, 22], [25, 5], [26, 21], [27, 16], [28, 14], [29, 1]], time:23.63491654396057