obj:71878.0, sol:[[0, 12], [1, 17], [2, 14], [3, 4], [4, 25], [5, 13], [6, 11], [7, 1], [8, 7], [9, 10], [10, 23], [11, 26], [12, 28], [13, 21], [14, 27], [15, 8], [16, 9], [17, 29], [18, 5], [19, 3], [20, 20], [21, 6], [22, 22], [23, 2], [24, 18], [25, 16], [26, 24], [27, 0], [28, 15], [29, 19]], time:15.16398000717163