obj:72090.0, sol:[[0, 0], [1, 17], [2, 4], [3, 27], [4, 29], [5, 25], [6, 11], [7, 21], [8, 3], [9, 22], [10, 7], [11, 15], [12, 14], [13, 1], [14, 12], [15, 26], [16, 5], [17, 23], [18, 9], [19, 20], [20, 8], [21, 16], [22, 2], [23, 28], [24, 24], [25, 19], [26, 6], [27, 18], [28, 10], [29, 13]], time:40.17402696609497