obj:79398.0, sol:[[0, 6], [1, 25], [2, 14], [3, 23], [4, 8], [5, 15], [6, 10], [7, 1], [8, 16], [9, 29], [10, 26], [11, 7], [12, 3], [13, 0], [14, 11], [15, 5], [16, 21], [17, 22], [18, 12], [19, 24], [20, 4], [21, 28], [22, 17], [23, 9], [24, 18], [25, 19], [26, 2], [27, 13], [28, 27], [29, 20]], time:25.86946964263916