obj:99812.0, sol:[[0, 27], [1, 28], [2, 12], [3, 21], [4, 3], [5, 29], [6, 5], [7, 26], [8, 10], [9, 14], [10, 15], [11, 7], [12, 22], [13, 9], [14, 8], [15, 18], [16, 0], [17, 19], [18, 11], [19, 16], [20, 24], [21, 2], [22, 6], [23, 25], [24, 20], [25, 23], [26, 17], [27, 4], [28, 1], [29, 13]], time:42.39857363700867