obj:73616.0, sol:[[0, 10], [1, 1], [2, 17], [3, 6], [4, 28], [5, 5], [6, 12], [7, 11], [8, 22], [9, 9], [10, 21], [11, 7], [12, 24], [13, 27], [14, 26], [15, 13], [16, 14], [17, 29], [18, 20], [19, 15], [20, 23], [21, 3], [22, 25], [23, 4], [24, 0], [25, 16], [26, 2], [27, 19], [28, 8], [29, 18]], time:30.04398274421692