obj:85740.0, sol:[[0, 9], [1, 14], [2, 22], [3, 6], [4, 16], [5, 13], [6, 2], [7, 25], [8, 20], [9, 21], [10, 23], [11, 15], [12, 27], [13, 17], [14, 26], [15, 4], [16, 1], [17, 7], [18, 3], [19, 28], [20, 11], [21, 8], [22, 12], [23, 0], [24, 10], [25, 18], [26, 5], [27, 24], [28, 29], [29, 19]], time:16.9337797164917