obj:88568.0, sol:[[0, 22], [1, 11], [2, 17], [3, 3], [4, 12], [5, 25], [6, 27], [7, 16], [8, 14], [9, 15], [10, 10], [11, 2], [12, 29], [13, 13], [14, 4], [15, 8], [16, 19], [17, 1], [18, 9], [19, 18], [20, 26], [21, 0], [22, 21], [23, 5], [24, 7], [25, 23], [26, 24], [27, 6], [28, 20], [29, 28]], time:23.74093747138977