obj:102248.0, sol:[[0, 29], [1, 4], [2, 26], [3, 16], [4, 0], [5, 9], [6, 27], [7, 12], [8, 8], [9, 20], [10, 25], [11, 10], [12, 21], [13, 1], [14, 18], [15, 5], [16, 11], [17, 17], [18, 15], [19, 6], [20, 24], [21, 3], [22, 13], [23, 7], [24, 23], [25, 28], [26, 19], [27, 22], [28, 2], [29, 14]], time:65.03349256515503