obj:90678.0, sol:[[0, 13], [1, 27], [2, 0], [3, 3], [4, 26], [5, 8], [6, 7], [7, 28], [8, 9], [9, 15], [10, 25], [11, 20], [12, 4], [13, 18], [14, 23], [15, 5], [16, 14], [17, 24], [18, 12], [19, 22], [20, 2], [21, 16], [22, 21], [23, 19], [24, 10], [25, 29], [26, 1], [27, 11], [28, 17], [29, 6]], time:39.685696840286255