obj:98072.0, sol:[[0, 7], [1, 17], [2, 10], [3, 9], [4, 4], [5, 27], [6, 0], [7, 5], [8, 3], [9, 13], [10, 28], [11, 29], [12, 24], [13, 23], [14, 22], [15, 6], [16, 19], [17, 16], [18, 18], [19, 2], [20, 1], [21, 14], [22, 15], [23, 8], [24, 25], [25, 21], [26, 26], [27, 20], [28, 12], [29, 11]], time:31.576066732406616