obj:96524.0, sol:[[0, 27], [1, 29], [2, 2], [3, 9], [4, 6], [5, 16], [6, 26], [7, 8], [8, 23], [9, 20], [10, 7], [11, 5], [12, 15], [13, 21], [14, 4], [15, 14], [16, 28], [17, 0], [18, 19], [19, 22], [20, 3], [21, 17], [22, 24], [23, 25], [24, 10], [25, 13], [26, 1], [27, 12], [28, 11], [29, 18]], time:25.87188196182251