obj:102294.0, sol:[[0, 20], [1, 15], [2, 18], [3, 22], [4, 14], [5, 16], [6, 3], [7, 17], [8, 12], [9, 0], [10, 6], [11, 19], [12, 28], [13, 5], [14, 1], [15, 21], [16, 2], [17, 8], [18, 11], [19, 10], [20, 24], [21, 23], [22, 29], [23, 13], [24, 25], [25, 4], [26, 9], [27, 26], [28, 7], [29, 27]], time:50.91952133178711