obj:93748.0, sol:[[0, 7], [1, 11], [2, 20], [3, 19], [4, 15], [5, 13], [6, 12], [7, 26], [8, 5], [9, 2], [10, 1], [11, 27], [12, 4], [13, 16], [14, 24], [15, 14], [16, 18], [17, 0], [18, 22], [19, 3], [20, 6], [21, 21], [22, 25], [23, 29], [24, 10], [25, 8], [26, 17], [27, 9], [28, 23], [29, 28]], time:47.525272369384766