obj:75798.0, sol:[[0, 15], [1, 23], [2, 2], [3, 17], [4, 5], [5, 16], [6, 29], [7, 19], [8, 9], [9, 12], [10, 25], [11, 4], [12, 13], [13, 14], [14, 8], [15, 10], [16, 1], [17, 28], [18, 7], [19, 26], [20, 27], [21, 22], [22, 11], [23, 18], [24, 3], [25, 24], [26, 20], [27, 21], [28, 6], [29, 0]], time:38.367501974105835