obj:92558.0, sol:[[0, 4], [1, 21], [2, 9], [3, 18], [4, 12], [5, 24], [6, 26], [7, 23], [8, 25], [9, 28], [10, 3], [11, 7], [12, 0], [13, 1], [14, 22], [15, 19], [16, 13], [17, 10], [18, 16], [19, 27], [20, 2], [21, 14], [22, 5], [23, 20], [24, 17], [25, 29], [26, 11], [27, 8], [28, 15], [29, 6]], time:32.71850347518921