obj:89814.0, sol:[[0, 15], [1, 21], [2, 25], [3, 18], [4, 4], [5, 6], [6, 20], [7, 29], [8, 24], [9, 28], [10, 13], [11, 8], [12, 16], [13, 22], [14, 2], [15, 26], [16, 19], [17, 10], [18, 12], [19, 23], [20, 9], [21, 27], [22, 1], [23, 7], [24, 14], [25, 11], [26, 0], [27, 5], [28, 17], [29, 3]], time:50.03972935676575