obj:90612.0, sol:[[0, 8], [1, 20], [2, 23], [3, 24], [4, 3], [5, 29], [6, 17], [7, 28], [8, 10], [9, 15], [10, 19], [11, 12], [12, 5], [13, 21], [14, 11], [15, 2], [16, 25], [17, 0], [18, 27], [19, 14], [20, 16], [21, 4], [22, 7], [23, 9], [24, 18], [25, 22], [26, 6], [27, 26], [28, 1], [29, 13]], time:29.17215061187744