obj:81826.0, sol:[[0, 20], [1, 15], [2, 0], [3, 21], [4, 12], [5, 16], [6, 25], [7, 14], [8, 22], [9, 17], [10, 24], [11, 6], [12, 4], [13, 27], [14, 18], [15, 8], [16, 3], [17, 28], [18, 19], [19, 11], [20, 9], [21, 29], [22, 5], [23, 13], [24, 26], [25, 7], [26, 1], [27, 2], [28, 23], [29, 10]], time:20.116275787353516