obj:66838.0, sol:[[0, 25], [1, 14], [2, 24], [3, 23], [4, 17], [5, 26], [6, 11], [7, 5], [8, 8], [9, 20], [10, 4], [11, 18], [12, 3], [13, 0], [14, 19], [15, 7], [16, 12], [17, 29], [18, 6], [19, 15], [20, 9], [21, 21], [22, 1], [23, 13], [24, 2], [25, 10], [26, 16], [27, 28], [28, 27], [29, 22]], time:32.73625564575195