obj:87222.0, sol:[[0, 15], [1, 20], [2, 9], [3, 21], [4, 27], [5, 29], [6, 5], [7, 2], [8, 7], [9, 25], [10, 8], [11, 22], [12, 26], [13, 16], [14, 18], [15, 12], [16, 23], [17, 17], [18, 11], [19, 1], [20, 19], [21, 14], [22, 10], [23, 3], [24, 28], [25, 13], [26, 0], [27, 4], [28, 24], [29, 6]], time:24.236355543136597