obj:94774.0, sol:[[0, 3], [1, 22], [2, 29], [3, 17], [4, 6], [5, 4], [6, 24], [7, 2], [8, 12], [9, 10], [10, 28], [11, 13], [12, 15], [13, 18], [14, 25], [15, 19], [16, 7], [17, 11], [18, 14], [19, 0], [20, 9], [21, 1], [22, 20], [23, 8], [24, 26], [25, 27], [26, 23], [27, 5], [28, 16], [29, 21]], time:20.503992557525635