obj:80648.0, sol:[[0, 14], [1, 29], [2, 27], [3, 28], [4, 2], [5, 18], [6, 7], [7, 6], [8, 0], [9, 25], [10, 1], [11, 15], [12, 26], [13, 22], [14, 17], [15, 9], [16, 5], [17, 23], [18, 16], [19, 20], [20, 12], [21, 4], [22, 21], [23, 10], [24, 24], [25, 8], [26, 19], [27, 11], [28, 3], [29, 13]], time:20.49873685836792