obj:90638.0, sol:[[0, 29], [1, 10], [2, 16], [3, 2], [4, 25], [5, 7], [6, 13], [7, 24], [8, 11], [9, 21], [10, 9], [11, 14], [12, 6], [13, 12], [14, 20], [15, 8], [16, 3], [17, 5], [18, 0], [19, 15], [20, 27], [21, 22], [22, 1], [23, 28], [24, 19], [25, 18], [26, 17], [27, 23], [28, 4], [29, 26]], time:13.478508949279785