obj:82356.0, sol:[[0, 24], [1, 12], [2, 8], [3, 15], [4, 9], [5, 25], [6, 3], [7, 19], [8, 1], [9, 17], [10, 16], [11, 23], [12, 14], [13, 0], [14, 4], [15, 6], [16, 22], [17, 29], [18, 21], [19, 11], [20, 13], [21, 26], [22, 5], [23, 18], [24, 7], [25, 2], [26, 10], [27, 20], [28, 28], [29, 27]], time:21.39915704727173