obj:86884.0, sol:[[0, 29], [1, 25], [2, 24], [3, 13], [4, 16], [5, 7], [6, 4], [7, 15], [8, 12], [9, 23], [10, 2], [11, 11], [12, 14], [13, 6], [14, 20], [15, 22], [16, 26], [17, 17], [18, 0], [19, 28], [20, 10], [21, 21], [22, 27], [23, 1], [24, 3], [25, 19], [26, 8], [27, 5], [28, 18], [29, 9]], time:38.23708248138428