obj:78448.0, sol:[[0, 13], [1, 17], [2, 7], [3, 24], [4, 14], [5, 16], [6, 1], [7, 15], [8, 27], [9, 26], [10, 5], [11, 29], [12, 22], [13, 28], [14, 25], [15, 18], [16, 0], [17, 23], [18, 9], [19, 8], [20, 4], [21, 11], [22, 21], [23, 2], [24, 10], [25, 6], [26, 3], [27, 19], [28, 12], [29, 20]], time:23.797813892364502