obj:65162.0, sol:[[0, 2], [1, 16], [2, 8], [3, 5], [4, 23], [5, 10], [6, 1], [7, 25], [8, 0], [9, 24], [10, 18], [11, 27], [12, 11], [13, 13], [14, 19], [15, 6], [16, 17], [17, 9], [18, 7], [19, 15], [20, 4], [21, 29], [22, 20], [23, 26], [24, 12], [25, 22], [26, 14], [27, 3], [28, 28], [29, 21]], time:42.9932165145874