obj:82774.0, sol:[[0, 16], [1, 11], [2, 12], [3, 13], [4, 28], [5, 1], [6, 3], [7, 5], [8, 10], [9, 25], [10, 27], [11, 8], [12, 24], [13, 18], [14, 29], [15, 23], [16, 14], [17, 19], [18, 7], [19, 6], [20, 2], [21, 0], [22, 20], [23, 9], [24, 17], [25, 21], [26, 22], [27, 26], [28, 15], [29, 4]], time:11.805479764938354