obj:96514.0, sol:[[0, 19], [1, 25], [2, 6], [3, 4], [4, 11], [5, 5], [6, 15], [7, 10], [8, 12], [9, 16], [10, 9], [11, 28], [12, 18], [13, 21], [14, 1], [15, 13], [16, 26], [17, 0], [18, 23], [19, 17], [20, 8], [21, 14], [22, 27], [23, 29], [24, 2], [25, 7], [26, 22], [27, 24], [28, 20], [29, 3]], time:26.846516609191895