obj:82090.0, sol:[[0, 20], [1, 27], [2, 3], [3, 28], [4, 23], [5, 7], [6, 22], [7, 0], [8, 10], [9, 13], [10, 8], [11, 4], [12, 17], [13, 14], [14, 9], [15, 15], [16, 2], [17, 21], [18, 16], [19, 26], [20, 29], [21, 1], [22, 18], [23, 12], [24, 24], [25, 6], [26, 25], [27, 19], [28, 11], [29, 5]], time:35.25205731391907