obj:80026.0, sol:[[0, 25], [1, 9], [2, 26], [3, 2], [4, 15], [5, 3], [6, 8], [7, 18], [8, 11], [9, 4], [10, 5], [11, 6], [12, 28], [13, 12], [14, 24], [15, 23], [16, 7], [17, 13], [18, 20], [19, 14], [20, 16], [21, 22], [22, 21], [23, 27], [24, 29], [25, 1], [26, 10], [27, 17], [28, 19], [29, 0]], time:14.790700912475586