obj:90890.0, sol:[[0, 4], [1, 22], [2, 20], [3, 26], [4, 24], [5, 29], [6, 27], [7, 15], [8, 19], [9, 6], [10, 16], [11, 21], [12, 17], [13, 9], [14, 2], [15, 5], [16, 14], [17, 11], [18, 10], [19, 12], [20, 23], [21, 8], [22, 0], [23, 25], [24, 3], [25, 7], [26, 13], [27, 1], [28, 28], [29, 18]], time:31.984580039978027