obj:97878.0, sol:[[0, 16], [1, 9], [2, 4], [3, 25], [4, 27], [5, 14], [6, 1], [7, 29], [8, 23], [9, 26], [10, 28], [11, 21], [12, 13], [13, 8], [14, 2], [15, 3], [16, 5], [17, 22], [18, 19], [19, 7], [20, 17], [21, 18], [22, 15], [23, 0], [24, 12], [25, 11], [26, 10], [27, 6], [28, 24], [29, 20]], time:48.02648901939392