obj:85914.0, sol:[[0, 23], [1, 10], [2, 14], [3, 18], [4, 8], [5, 9], [6, 24], [7, 4], [8, 12], [9, 1], [10, 20], [11, 27], [12, 6], [13, 11], [14, 28], [15, 13], [16, 22], [17, 29], [18, 25], [19, 5], [20, 21], [21, 15], [22, 19], [23, 17], [24, 7], [25, 0], [26, 16], [27, 2], [28, 3], [29, 26]], time:17.204053163528442