obj:98710.0, sol:[[0, 2], [1, 1], [2, 27], [3, 17], [4, 25], [5, 0], [6, 13], [7, 8], [8, 15], [9, 6], [10, 4], [11, 29], [12, 22], [13, 12], [14, 20], [15, 23], [16, 26], [17, 5], [18, 24], [19, 14], [20, 3], [21, 19], [22, 18], [23, 7], [24, 21], [25, 28], [26, 11], [27, 16], [28, 10], [29, 9]], time:57.207382678985596