obj:78698.0, sol:[[0, 3], [1, 10], [2, 23], [3, 4], [4, 20], [5, 2], [6, 26], [7, 29], [8, 7], [9, 16], [10, 14], [11, 27], [12, 28], [13, 5], [14, 17], [15, 24], [16, 1], [17, 12], [18, 13], [19, 8], [20, 6], [21, 15], [22, 25], [23, 18], [24, 9], [25, 0], [26, 22], [27, 19], [28, 21], [29, 11]], time:48.151453495025635