obj:75366.0, sol:[[0, 6], [1, 22], [2, 29], [3, 21], [4, 15], [5, 20], [6, 10], [7, 1], [8, 4], [9, 19], [10, 26], [11, 8], [12, 23], [13, 2], [14, 24], [15, 27], [16, 11], [17, 5], [18, 16], [19, 12], [20, 3], [21, 13], [22, 28], [23, 7], [24, 0], [25, 18], [26, 25], [27, 14], [28, 9], [29, 17]], time:22.67317271232605