obj:67406.0, sol:[[0, 2], [1, 12], [2, 19], [3, 4], [4, 23], [5, 16], [6, 5], [7, 24], [8, 29], [9, 18], [10, 3], [11, 20], [12, 14], [13, 0], [14, 6], [15, 10], [16, 27], [17, 26], [18, 28], [19, 1], [20, 25], [21, 8], [22, 7], [23, 11], [24, 17], [25, 9], [26, 15], [27, 13], [28, 21], [29, 22]], time:21.828020811080933