obj:77072.0, sol:[[0, 19], [1, 6], [2, 23], [3, 7], [4, 12], [5, 0], [6, 27], [7, 4], [8, 22], [9, 17], [10, 8], [11, 20], [12, 1], [13, 21], [14, 15], [15, 28], [16, 16], [17, 2], [18, 26], [19, 10], [20, 18], [21, 5], [22, 25], [23, 14], [24, 9], [25, 11], [26, 24], [27, 13], [28, 29], [29, 3]], time:29.505215883255005