obj:73640.0, sol:[[0, 19], [1, 14], [2, 23], [3, 18], [4, 11], [5, 7], [6, 5], [7, 22], [8, 10], [9, 28], [10, 6], [11, 17], [12, 1], [13, 3], [14, 15], [15, 25], [16, 16], [17, 27], [18, 0], [19, 13], [20, 2], [21, 12], [22, 24], [23, 4], [24, 20], [25, 21], [26, 26], [27, 8], [28, 29], [29, 9]], time:49.62238669395447