obj:92812.0, sol:[[0, 6], [1, 9], [2, 15], [3, 2], [4, 12], [5, 0], [6, 24], [7, 17], [8, 14], [9, 25], [10, 1], [11, 3], [12, 10], [13, 7], [14, 29], [15, 26], [16, 16], [17, 4], [18, 5], [19, 19], [20, 27], [21, 18], [22, 20], [23, 22], [24, 28], [25, 8], [26, 23], [27, 21], [28, 11], [29, 13]], time:44.32044816017151