obj:97256.0, sol:[[0, 8], [1, 6], [2, 13], [3, 18], [4, 25], [5, 16], [6, 4], [7, 1], [8, 24], [9, 12], [10, 10], [11, 0], [12, 26], [13, 9], [14, 14], [15, 11], [16, 20], [17, 15], [18, 27], [19, 2], [20, 7], [21, 21], [22, 5], [23, 19], [24, 22], [25, 29], [26, 17], [27, 23], [28, 28], [29, 3]], time:31.337037563323975