obj:86134.0, sol:[[0, 28], [1, 9], [2, 6], [3, 2], [4, 17], [5, 27], [6, 5], [7, 14], [8, 7], [9, 15], [10, 1], [11, 25], [12, 29], [13, 16], [14, 23], [15, 11], [16, 20], [17, 26], [18, 18], [19, 8], [20, 10], [21, 22], [22, 13], [23, 12], [24, 4], [25, 0], [26, 24], [27, 3], [28, 19], [29, 21]], time:50.019840240478516