obj:76840.0, sol:[[0, 21], [1, 15], [2, 28], [3, 1], [4, 19], [5, 11], [6, 25], [7, 26], [8, 8], [9, 10], [10, 17], [11, 18], [12, 14], [13, 27], [14, 24], [15, 20], [16, 12], [17, 29], [18, 22], [19, 6], [20, 0], [21, 16], [22, 4], [23, 5], [24, 9], [25, 2], [26, 13], [27, 7], [28, 23], [29, 3]], time:23.66889190673828