obj:74286.0, sol:[[0, 29], [1, 2], [2, 5], [3, 15], [4, 17], [5, 0], [6, 10], [7, 6], [8, 16], [9, 28], [10, 21], [11, 9], [12, 11], [13, 25], [14, 1], [15, 14], [16, 13], [17, 12], [18, 18], [19, 4], [20, 7], [21, 3], [22, 22], [23, 24], [24, 8], [25, 19], [26, 26], [27, 27], [28, 23], [29, 20]], time:23.056684970855713