obj:83254.0, sol:[[0, 17], [1, 23], [2, 24], [3, 26], [4, 4], [5, 20], [6, 19], [7, 6], [8, 0], [9, 9], [10, 2], [11, 8], [12, 29], [13, 16], [14, 25], [15, 21], [16, 13], [17, 28], [18, 12], [19, 10], [20, 7], [21, 14], [22, 1], [23, 15], [24, 18], [25, 5], [26, 3], [27, 11], [28, 27], [29, 22]], time:24.48484969139099