obj:101616.0, sol:[[0, 10], [1, 25], [2, 14], [3, 12], [4, 0], [5, 9], [6, 5], [7, 6], [8, 20], [9, 4], [10, 26], [11, 17], [12, 29], [13, 2], [14, 27], [15, 16], [16, 24], [17, 23], [18, 7], [19, 19], [20, 15], [21, 3], [22, 21], [23, 11], [24, 13], [25, 22], [26, 1], [27, 28], [28, 18], [29, 8]], time:32.55848717689514