obj:82736.0, sol:[[0, 24], [1, 23], [2, 25], [3, 12], [4, 9], [5, 6], [6, 18], [7, 20], [8, 11], [9, 13], [10, 19], [11, 4], [12, 5], [13, 8], [14, 27], [15, 26], [16, 16], [17, 7], [18, 10], [19, 1], [20, 28], [21, 3], [22, 29], [23, 22], [24, 17], [25, 15], [26, 0], [27, 21], [28, 14], [29, 2]], time:26.43879795074463