obj:79250.0, sol:[[0, 9], [1, 4], [2, 12], [3, 8], [4, 14], [5, 24], [6, 10], [7, 25], [8, 28], [9, 11], [10, 2], [11, 3], [12, 23], [13, 6], [14, 22], [15, 26], [16, 20], [17, 19], [18, 0], [19, 27], [20, 15], [21, 1], [22, 5], [23, 7], [24, 13], [25, 18], [26, 21], [27, 29], [28, 17], [29, 16]], time:22.77449321746826