obj:65608.0, sol:[[0, 10], [1, 8], [2, 0], [3, 24], [4, 5], [5, 29], [6, 11], [7, 18], [8, 6], [9, 13], [10, 21], [11, 27], [12, 12], [13, 2], [14, 25], [15, 26], [16, 9], [17, 17], [18, 28], [19, 20], [20, 16], [21, 1], [22, 3], [23, 15], [24, 14], [25, 7], [26, 4], [27, 23], [28, 22], [29, 19]], time:26.276883363723755