obj:94612.0, sol:[[0, 17], [1, 14], [2, 23], [3, 12], [4, 13], [5, 20], [6, 5], [7, 22], [8, 8], [9, 6], [10, 1], [11, 27], [12, 26], [13, 7], [14, 21], [15, 3], [16, 24], [17, 28], [18, 4], [19, 2], [20, 0], [21, 16], [22, 11], [23, 9], [24, 15], [25, 18], [26, 10], [27, 25], [28, 29], [29, 19]], time:44.47979402542114