obj:93702.0, sol:[[0, 9], [1, 21], [2, 29], [3, 28], [4, 0], [5, 8], [6, 4], [7, 11], [8, 24], [9, 12], [10, 3], [11, 5], [12, 10], [13, 1], [14, 15], [15, 22], [16, 18], [17, 2], [18, 27], [19, 23], [20, 26], [21, 6], [22, 16], [23, 13], [24, 25], [25, 7], [26, 20], [27, 17], [28, 14], [29, 19]], time:67.30354571342468