obj:94076.0, sol:[[0, 20], [1, 15], [2, 16], [3, 19], [4, 22], [5, 17], [6, 6], [7, 11], [8, 8], [9, 26], [10, 29], [11, 9], [12, 5], [13, 3], [14, 10], [15, 14], [16, 25], [17, 23], [18, 13], [19, 21], [20, 12], [21, 2], [22, 4], [23, 18], [24, 28], [25, 27], [26, 1], [27, 24], [28, 7], [29, 0]], time:24.22851324081421