obj:103540.0, sol:[[0, 23], [1, 2], [2, 5], [3, 18], [4, 26], [5, 20], [6, 13], [7, 24], [8, 28], [9, 8], [10, 25], [11, 0], [12, 16], [13, 10], [14, 21], [15, 27], [16, 4], [17, 12], [18, 7], [19, 14], [20, 11], [21, 6], [22, 17], [23, 22], [24, 19], [25, 29], [26, 9], [27, 1], [28, 3], [29, 15]], time:30.21163773536682