obj:77528.0, sol:[[0, 3], [1, 14], [2, 18], [3, 13], [4, 28], [5, 2], [6, 29], [7, 1], [8, 5], [9, 6], [10, 8], [11, 11], [12, 27], [13, 17], [14, 12], [15, 25], [16, 23], [17, 15], [18, 26], [19, 24], [20, 9], [21, 21], [22, 19], [23, 7], [24, 22], [25, 20], [26, 16], [27, 0], [28, 10], [29, 4]], time:26.74385094642639