obj:100640.0, sol:[[0, 29], [1, 4], [2, 5], [3, 21], [4, 7], [5, 17], [6, 28], [7, 8], [8, 3], [9, 6], [10, 0], [11, 24], [12, 27], [13, 9], [14, 15], [15, 25], [16, 11], [17, 13], [18, 18], [19, 22], [20, 2], [21, 23], [22, 10], [23, 19], [24, 16], [25, 1], [26, 20], [27, 14], [28, 12], [29, 26]], time:40.04207897186279