obj:87306.0, sol:[[0, 4], [1, 24], [2, 6], [3, 14], [4, 27], [5, 12], [6, 23], [7, 19], [8, 3], [9, 15], [10, 8], [11, 5], [12, 17], [13, 22], [14, 9], [15, 10], [16, 0], [17, 20], [18, 21], [19, 16], [20, 2], [21, 28], [22, 1], [23, 25], [24, 7], [25, 29], [26, 11], [27, 18], [28, 26], [29, 13]], time:22.682185411453247