obj:69202.0, sol:[[0, 28], [1, 11], [2, 16], [3, 1], [4, 14], [5, 19], [6, 29], [7, 13], [8, 26], [9, 6], [10, 24], [11, 2], [12, 20], [13, 27], [14, 17], [15, 12], [16, 25], [17, 10], [18, 4], [19, 22], [20, 5], [21, 23], [22, 18], [23, 0], [24, 8], [25, 21], [26, 3], [27, 7], [28, 15], [29, 9]], time:36.04249358177185