obj:83448.0, sol:[[0, 15], [1, 4], [2, 23], [3, 18], [4, 0], [5, 20], [6, 8], [7, 12], [8, 10], [9, 28], [10, 5], [11, 27], [12, 17], [13, 3], [14, 26], [15, 24], [16, 9], [17, 21], [18, 2], [19, 19], [20, 13], [21, 25], [22, 16], [23, 7], [24, 14], [25, 29], [26, 6], [27, 1], [28, 22], [29, 11]], time:13.983082056045532