obj:92784.0, sol:[[0, 18], [1, 2], [2, 29], [3, 20], [4, 5], [5, 23], [6, 9], [7, 26], [8, 12], [9, 17], [10, 3], [11, 7], [12, 4], [13, 0], [14, 25], [15, 21], [16, 14], [17, 27], [18, 13], [19, 28], [20, 11], [21, 8], [22, 24], [23, 22], [24, 6], [25, 19], [26, 15], [27, 16], [28, 10], [29, 1]], time:29.783838510513306