obj:89618.0, sol:[[0, 26], [1, 5], [2, 8], [3, 1], [4, 25], [5, 16], [6, 19], [7, 2], [8, 18], [9, 20], [10, 15], [11, 0], [12, 9], [13, 22], [14, 24], [15, 29], [16, 14], [17, 11], [18, 28], [19, 17], [20, 13], [21, 6], [22, 12], [23, 23], [24, 4], [25, 10], [26, 27], [27, 7], [28, 3], [29, 21]], time:30.38425874710083