obj:105846.0, sol:[[0, 11], [1, 13], [2, 29], [3, 19], [4, 14], [5, 9], [6, 8], [7, 0], [8, 22], [9, 6], [10, 15], [11, 28], [12, 4], [13, 20], [14, 17], [15, 10], [16, 18], [17, 2], [18, 1], [19, 26], [20, 5], [21, 3], [22, 12], [23, 16], [24, 7], [25, 27], [26, 23], [27, 21], [28, 25], [29, 24]], time:23.56165909767151