obj:69506.0, sol:[[0, 14], [1, 13], [2, 22], [3, 19], [4, 7], [5, 20], [6, 26], [7, 28], [8, 16], [9, 2], [10, 17], [11, 15], [12, 11], [13, 10], [14, 29], [15, 25], [16, 24], [17, 3], [18, 9], [19, 27], [20, 1], [21, 23], [22, 6], [23, 8], [24, 12], [25, 18], [26, 21], [27, 5], [28, 0], [29, 4]], time:26.953388690948486