obj:88312.0, sol:[[0, 2], [1, 11], [2, 18], [3, 22], [4, 9], [5, 6], [6, 8], [7, 13], [8, 4], [9, 12], [10, 1], [11, 26], [12, 24], [13, 16], [14, 25], [15, 23], [16, 17], [17, 10], [18, 21], [19, 7], [20, 20], [21, 0], [22, 27], [23, 19], [24, 28], [25, 14], [26, 15], [27, 29], [28, 3], [29, 5]], time:17.955066442489624