obj:93872.0, sol:[[0, 27], [1, 13], [2, 9], [3, 16], [4, 19], [5, 0], [6, 5], [7, 2], [8, 1], [9, 6], [10, 28], [11, 23], [12, 8], [13, 25], [14, 18], [15, 7], [16, 29], [17, 22], [18, 10], [19, 4], [20, 11], [21, 14], [22, 12], [23, 26], [24, 21], [25, 15], [26, 3], [27, 17], [28, 24], [29, 20]], time:32.82952880859375