obj:76070.0, sol:[[0, 25], [1, 6], [2, 0], [3, 26], [4, 11], [5, 7], [6, 13], [7, 15], [8, 14], [9, 24], [10, 22], [11, 4], [12, 23], [13, 29], [14, 16], [15, 19], [16, 17], [17, 10], [18, 12], [19, 27], [20, 2], [21, 18], [22, 21], [23, 28], [24, 5], [25, 8], [26, 3], [27, 9], [28, 1], [29, 20]], time:17.805846214294434