obj:86742.0, sol:[[0, 29], [1, 22], [2, 2], [3, 24], [4, 5], [5, 20], [6, 10], [7, 4], [8, 27], [9, 1], [10, 21], [11, 12], [12, 25], [13, 17], [14, 26], [15, 28], [16, 9], [17, 18], [18, 3], [19, 11], [20, 13], [21, 15], [22, 0], [23, 19], [24, 8], [25, 16], [26, 7], [27, 14], [28, 6], [29, 23]], time:37.964059352874756