obj:89580.0, sol:[[0, 28], [1, 7], [2, 14], [3, 8], [4, 6], [5, 13], [6, 10], [7, 15], [8, 12], [9, 24], [10, 29], [11, 5], [12, 11], [13, 25], [14, 1], [15, 27], [16, 16], [17, 19], [18, 23], [19, 3], [20, 22], [21, 21], [22, 2], [23, 18], [24, 17], [25, 26], [26, 4], [27, 0], [28, 9], [29, 20]], time:35.97271943092346