obj:86792.0, sol:[[0, 15], [1, 2], [2, 5], [3, 25], [4, 7], [5, 21], [6, 12], [7, 9], [8, 10], [9, 24], [10, 4], [11, 22], [12, 17], [13, 20], [14, 29], [15, 1], [16, 18], [17, 6], [18, 3], [19, 16], [20, 8], [21, 11], [22, 0], [23, 14], [24, 19], [25, 27], [26, 26], [27, 28], [28, 23], [29, 13]], time:13.225015640258789