obj:69846.0, sol:[[0, 10], [1, 3], [2, 2], [3, 4], [4, 27], [5, 22], [6, 20], [7, 19], [8, 14], [9, 21], [10, 12], [11, 9], [12, 13], [13, 24], [14, 17], [15, 18], [16, 26], [17, 28], [18, 8], [19, 5], [20, 1], [21, 25], [22, 16], [23, 29], [24, 23], [25, 11], [26, 15], [27, 0], [28, 6], [29, 7]], time:37.008180141448975