obj:86878.0, sol:[[0, 8], [1, 16], [2, 0], [3, 2], [4, 10], [5, 26], [6, 3], [7, 25], [8, 14], [9, 1], [10, 27], [11, 22], [12, 18], [13, 29], [14, 11], [15, 12], [16, 19], [17, 28], [18, 23], [19, 4], [20, 15], [21, 17], [22, 9], [23, 5], [24, 13], [25, 6], [26, 24], [27, 20], [28, 7], [29, 21]], time:43.785701751708984