obj:63902.0, sol:[[0, 24], [1, 25], [2, 13], [3, 4], [4, 9], [5, 22], [6, 23], [7, 28], [8, 5], [9, 29], [10, 6], [11, 2], [12, 10], [13, 7], [14, 8], [15, 17], [16, 18], [17, 11], [18, 1], [19, 14], [20, 19], [21, 3], [22, 0], [23, 27], [24, 15], [25, 21], [26, 26], [27, 12], [28, 16], [29, 20]], time:25.76527428627014