obj:94874.0, sol:[[0, 16], [1, 7], [2, 13], [3, 20], [4, 27], [5, 19], [6, 21], [7, 6], [8, 26], [9, 22], [10, 0], [11, 18], [12, 10], [13, 4], [14, 24], [15, 14], [16, 29], [17, 9], [18, 5], [19, 15], [20, 8], [21, 23], [22, 25], [23, 11], [24, 28], [25, 2], [26, 12], [27, 17], [28, 3], [29, 1]], time:28.60100507736206