obj:81712.0, sol:[[0, 23], [1, 9], [2, 29], [3, 0], [4, 27], [5, 10], [6, 21], [7, 4], [8, 15], [9, 11], [10, 8], [11, 13], [12, 1], [13, 19], [14, 16], [15, 17], [16, 24], [17, 20], [18, 2], [19, 22], [20, 6], [21, 28], [22, 3], [23, 5], [24, 14], [25, 25], [26, 7], [27, 18], [28, 12], [29, 26]], time:20.446411609649658