obj:88018.0, sol:[[0, 20], [1, 9], [2, 21], [3, 27], [4, 16], [5, 6], [6, 29], [7, 28], [8, 0], [9, 5], [10, 2], [11, 19], [12, 24], [13, 22], [14, 23], [15, 15], [16, 26], [17, 8], [18, 17], [19, 1], [20, 4], [21, 14], [22, 3], [23, 13], [24, 10], [25, 18], [26, 11], [27, 7], [28, 25], [29, 12]], time:27.143941640853882