obj:99908.0, sol:[[0, 8], [1, 4], [2, 18], [3, 16], [4, 3], [5, 28], [6, 20], [7, 9], [8, 17], [9, 15], [10, 12], [11, 2], [12, 13], [13, 25], [14, 14], [15, 21], [16, 29], [17, 5], [18, 11], [19, 1], [20, 23], [21, 7], [22, 6], [23, 24], [24, 0], [25, 22], [26, 10], [27, 26], [28, 19], [29, 27]], time:28.510165691375732