obj:67148.0, sol:[[0, 2], [1, 21], [2, 29], [3, 16], [4, 27], [5, 28], [6, 3], [7, 17], [8, 0], [9, 7], [10, 10], [11, 12], [12, 5], [13, 15], [14, 4], [15, 26], [16, 13], [17, 18], [18, 9], [19, 11], [20, 24], [21, 6], [22, 23], [23, 19], [24, 1], [25, 22], [26, 14], [27, 20], [28, 25], [29, 8]], time:33.77630114555359