obj:71956.0, sol:[[0, 24], [1, 5], [2, 8], [3, 27], [4, 25], [5, 22], [6, 20], [7, 21], [8, 19], [9, 9], [10, 11], [11, 17], [12, 1], [13, 18], [14, 29], [15, 15], [16, 28], [17, 26], [18, 14], [19, 10], [20, 12], [21, 16], [22, 13], [23, 0], [24, 3], [25, 6], [26, 2], [27, 23], [28, 7], [29, 4]], time:14.196752548217773