obj:89328.0, sol:[[0, 15], [1, 26], [2, 21], [3, 0], [4, 24], [5, 3], [6, 6], [7, 8], [8, 27], [9, 7], [10, 5], [11, 16], [12, 11], [13, 25], [14, 23], [15, 17], [16, 10], [17, 2], [18, 19], [19, 14], [20, 13], [21, 28], [22, 12], [23, 9], [24, 1], [25, 4], [26, 29], [27, 18], [28, 22], [29, 20]], time:18.28205370903015