obj:77700.0, sol:[[0, 28], [1, 9], [2, 21], [3, 15], [4, 3], [5, 26], [6, 11], [7, 5], [8, 18], [9, 13], [10, 4], [11, 24], [12, 2], [13, 29], [14, 23], [15, 27], [16, 6], [17, 16], [18, 25], [19, 10], [20, 14], [21, 17], [22, 19], [23, 22], [24, 7], [25, 12], [26, 8], [27, 1], [28, 20], [29, 0]], time:30.49533224105835