obj:85780.0, sol:[[0, 5], [1, 27], [2, 24], [3, 6], [4, 17], [5, 8], [6, 1], [7, 13], [8, 21], [9, 4], [10, 28], [11, 25], [12, 7], [13, 15], [14, 20], [15, 12], [16, 11], [17, 14], [18, 26], [19, 19], [20, 18], [21, 16], [22, 9], [23, 29], [24, 23], [25, 0], [26, 2], [27, 22], [28, 10], [29, 3]], time:26.332124710083008