obj:96052.0, sol:[[0, 13], [1, 28], [2, 18], [3, 22], [4, 26], [5, 27], [6, 17], [7, 2], [8, 12], [9, 16], [10, 11], [11, 0], [12, 20], [13, 3], [14, 8], [15, 10], [16, 25], [17, 4], [18, 1], [19, 5], [20, 6], [21, 21], [22, 29], [23, 15], [24, 9], [25, 14], [26, 23], [27, 7], [28, 24], [29, 19]], time:24.429768323898315