obj:89430.0, sol:[[0, 0], [1, 1], [2, 21], [3, 16], [4, 19], [5, 26], [6, 4], [7, 10], [8, 27], [9, 15], [10, 7], [11, 12], [12, 25], [13, 20], [14, 28], [15, 5], [16, 18], [17, 24], [18, 11], [19, 8], [20, 9], [21, 13], [22, 17], [23, 23], [24, 2], [25, 29], [26, 14], [27, 22], [28, 6], [29, 3]], time:30.027160167694092