obj:81440.0, sol:[[0, 7], [1, 25], [2, 20], [3, 4], [4, 24], [5, 14], [6, 13], [7, 2], [8, 8], [9, 12], [10, 18], [11, 28], [12, 5], [13, 3], [14, 23], [15, 10], [16, 26], [17, 17], [18, 15], [19, 22], [20, 0], [21, 29], [22, 27], [23, 1], [24, 16], [25, 19], [26, 9], [27, 21], [28, 11], [29, 6]], time:31.08453893661499