obj:76388.0, sol:[[0, 10], [1, 6], [2, 24], [3, 3], [4, 19], [5, 11], [6, 1], [7, 27], [8, 21], [9, 7], [10, 0], [11, 20], [12, 8], [13, 23], [14, 28], [15, 26], [16, 13], [17, 5], [18, 29], [19, 4], [20, 18], [21, 14], [22, 9], [23, 12], [24, 16], [25, 22], [26, 2], [27, 25], [28, 15], [29, 17]], time:22.2250337600708