obj:77816.0, sol:[[0, 15], [1, 16], [2, 27], [3, 3], [4, 29], [5, 19], [6, 24], [7, 18], [8, 21], [9, 26], [10, 5], [11, 2], [12, 4], [13, 7], [14, 28], [15, 25], [16, 1], [17, 6], [18, 13], [19, 20], [20, 12], [21, 11], [22, 22], [23, 10], [24, 17], [25, 0], [26, 9], [27, 23], [28, 14], [29, 8]], time:37.8391056060791