obj:89096.0, sol:[[0, 17], [1, 20], [2, 14], [3, 25], [4, 23], [5, 19], [6, 26], [7, 7], [8, 8], [9, 2], [10, 24], [11, 5], [12, 27], [13, 6], [14, 10], [15, 16], [16, 11], [17, 3], [18, 0], [19, 18], [20, 4], [21, 22], [22, 1], [23, 9], [24, 21], [25, 15], [26, 28], [27, 13], [28, 12], [29, 29]], time:23.20364785194397