obj:68362.0, sol:[[0, 14], [1, 23], [2, 0], [3, 10], [4, 6], [5, 19], [6, 1], [7, 5], [8, 12], [9, 4], [10, 11], [11, 18], [12, 13], [13, 21], [14, 7], [15, 26], [16, 9], [17, 15], [18, 8], [19, 28], [20, 16], [21, 17], [22, 24], [23, 29], [24, 27], [25, 25], [26, 22], [27, 20], [28, 2], [29, 3]], time:24.3650324344635