obj:83686.0, sol:[[0, 22], [1, 12], [2, 0], [3, 7], [4, 29], [5, 11], [6, 24], [7, 5], [8, 16], [9, 2], [10, 4], [11, 14], [12, 25], [13, 3], [14, 23], [15, 8], [16, 1], [17, 20], [18, 18], [19, 10], [20, 27], [21, 9], [22, 15], [23, 28], [24, 17], [25, 21], [26, 13], [27, 6], [28, 19], [29, 26]], time:32.951375007629395