obj:75674.0, sol:[[0, 17], [1, 4], [2, 7], [3, 0], [4, 15], [5, 28], [6, 1], [7, 3], [8, 27], [9, 6], [10, 12], [11, 16], [12, 10], [13, 20], [14, 5], [15, 8], [16, 24], [17, 26], [18, 18], [19, 2], [20, 9], [21, 19], [22, 11], [23, 25], [24, 14], [25, 23], [26, 22], [27, 13], [28, 21], [29, 29]], time:28.81413221359253