obj:113242.0, sol:[[0, 10], [1, 7], [2, 22], [3, 13], [4, 20], [5, 11], [6, 21], [7, 8], [8, 24], [9, 16], [10, 1], [11, 19], [12, 23], [13, 25], [14, 0], [15, 5], [16, 18], [17, 6], [18, 2], [19, 14], [20, 26], [21, 9], [22, 28], [23, 4], [24, 12], [25, 3], [26, 29], [27, 17], [28, 15], [29, 27]], time:97.10206651687622