obj:76074.0, sol:[[0, 13], [1, 15], [2, 20], [3, 29], [4, 17], [5, 10], [6, 16], [7, 5], [8, 26], [9, 14], [10, 28], [11, 12], [12, 21], [13, 8], [14, 0], [15, 19], [16, 9], [17, 6], [18, 27], [19, 3], [20, 2], [21, 24], [22, 25], [23, 18], [24, 7], [25, 23], [26, 22], [27, 11], [28, 1], [29, 4]], time:25.12897539138794