obj:72208.0, sol:[[0, 11], [1, 0], [2, 19], [3, 17], [4, 23], [5, 5], [6, 18], [7, 4], [8, 2], [9, 1], [10, 22], [11, 12], [12, 3], [13, 21], [14, 16], [15, 20], [16, 27], [17, 29], [18, 15], [19, 6], [20, 10], [21, 7], [22, 24], [23, 9], [24, 14], [25, 28], [26, 25], [27, 26], [28, 13], [29, 8]], time:34.72532296180725