obj:77454.0, sol:[[0, 26], [1, 2], [2, 18], [3, 23], [4, 27], [5, 3], [6, 1], [7, 25], [8, 9], [9, 15], [10, 20], [11, 22], [12, 19], [13, 10], [14, 14], [15, 17], [16, 0], [17, 28], [18, 16], [19, 13], [20, 21], [21, 29], [22, 11], [23, 5], [24, 7], [25, 24], [26, 6], [27, 4], [28, 8], [29, 12]], time:27.92525005340576