obj:66388.0, sol:[[0, 10], [1, 20], [2, 18], [3, 0], [4, 3], [5, 4], [6, 2], [7, 26], [8, 19], [9, 25], [10, 23], [11, 24], [12, 11], [13, 22], [14, 7], [15, 12], [16, 28], [17, 1], [18, 9], [19, 13], [20, 21], [21, 14], [22, 17], [23, 8], [24, 5], [25, 15], [26, 16], [27, 27], [28, 29], [29, 6]], time:48.02077579498291