obj:94554.0, sol:[[0, 3], [1, 17], [2, 8], [3, 15], [4, 26], [5, 5], [6, 13], [7, 14], [8, 11], [9, 12], [10, 22], [11, 28], [12, 21], [13, 4], [14, 16], [15, 27], [16, 19], [17, 7], [18, 0], [19, 24], [20, 1], [21, 10], [22, 18], [23, 29], [24, 25], [25, 20], [26, 9], [27, 2], [28, 23], [29, 6]], time:24.119636297225952