obj:106924.0, sol:[[0, 15], [1, 16], [2, 6], [3, 27], [4, 9], [5, 22], [6, 7], [7, 28], [8, 23], [9, 13], [10, 3], [11, 10], [12, 1], [13, 5], [14, 4], [15, 18], [16, 14], [17, 20], [18, 2], [19, 11], [20, 12], [21, 26], [22, 8], [23, 29], [24, 25], [25, 21], [26, 0], [27, 19], [28, 24], [29, 17]], time:41.08239245414734