obj:71406.0, sol:[[0, 8], [1, 12], [2, 22], [3, 1], [4, 5], [5, 7], [6, 13], [7, 3], [8, 18], [9, 4], [10, 21], [11, 10], [12, 6], [13, 17], [14, 27], [15, 15], [16, 11], [17, 25], [18, 28], [19, 19], [20, 16], [21, 29], [22, 24], [23, 9], [24, 20], [25, 2], [26, 14], [27, 26], [28, 23], [29, 0]], time:9.16507887840271