obj:90920.0, sol:[[0, 29], [1, 7], [2, 10], [3, 11], [4, 5], [5, 18], [6, 8], [7, 13], [8, 4], [9, 16], [10, 14], [11, 19], [12, 9], [13, 3], [14, 22], [15, 27], [16, 24], [17, 26], [18, 28], [19, 6], [20, 0], [21, 23], [22, 20], [23, 21], [24, 25], [25, 2], [26, 12], [27, 17], [28, 1], [29, 15]], time:25.795071363449097