obj:91624.0, sol:[[0, 28], [1, 21], [2, 22], [3, 27], [4, 1], [5, 14], [6, 25], [7, 2], [8, 17], [9, 9], [10, 23], [11, 0], [12, 24], [13, 3], [14, 12], [15, 29], [16, 7], [17, 13], [18, 16], [19, 4], [20, 20], [21, 26], [22, 11], [23, 6], [24, 15], [25, 8], [26, 10], [27, 5], [28, 19], [29, 18]], time:17.6759090423584