obj:94066.0, sol:[[0, 21], [1, 17], [2, 9], [3, 13], [4, 0], [5, 6], [6, 14], [7, 24], [8, 10], [9, 2], [10, 12], [11, 26], [12, 23], [13, 25], [14, 4], [15, 11], [16, 19], [17, 29], [18, 22], [19, 16], [20, 5], [21, 18], [22, 3], [23, 7], [24, 27], [25, 15], [26, 28], [27, 20], [28, 8], [29, 1]], time:38.585938692092896