obj:87532.0, sol:[[0, 29], [1, 17], [2, 10], [3, 15], [4, 19], [5, 25], [6, 26], [7, 8], [8, 4], [9, 20], [10, 22], [11, 11], [12, 14], [13, 5], [14, 1], [15, 7], [16, 6], [17, 18], [18, 24], [19, 16], [20, 21], [21, 13], [22, 2], [23, 23], [24, 27], [25, 0], [26, 3], [27, 9], [28, 12], [29, 28]], time:18.74974513053894