obj:86262.0, sol:[[0, 18], [1, 23], [2, 19], [3, 24], [4, 0], [5, 28], [6, 4], [7, 16], [8, 6], [9, 9], [10, 5], [11, 1], [12, 8], [13, 29], [14, 7], [15, 27], [16, 11], [17, 20], [18, 10], [19, 13], [20, 15], [21, 2], [22, 26], [23, 3], [24, 21], [25, 17], [26, 25], [27, 14], [28, 22], [29, 12]], time:21.69201135635376