obj:75012.0, sol:[[0, 29], [1, 8], [2, 13], [3, 20], [4, 16], [5, 11], [6, 7], [7, 9], [8, 25], [9, 2], [10, 22], [11, 1], [12, 4], [13, 28], [14, 26], [15, 14], [16, 0], [17, 23], [18, 15], [19, 24], [20, 10], [21, 6], [22, 18], [23, 12], [24, 5], [25, 17], [26, 3], [27, 21], [28, 19], [29, 27]], time:20.698543071746826