obj:78618.0, sol:[[0, 23], [1, 22], [2, 11], [3, 20], [4, 2], [5, 12], [6, 21], [7, 13], [8, 28], [9, 16], [10, 25], [11, 29], [12, 8], [13, 27], [14, 10], [15, 5], [16, 24], [17, 26], [18, 15], [19, 9], [20, 1], [21, 3], [22, 0], [23, 7], [24, 4], [25, 6], [26, 14], [27, 18], [28, 19], [29, 17]], time:25.34103226661682