obj:83596.0, sol:[[0, 14], [1, 0], [2, 22], [3, 18], [4, 11], [5, 19], [6, 15], [7, 12], [8, 17], [9, 2], [10, 29], [11, 13], [12, 21], [13, 8], [14, 24], [15, 27], [16, 5], [17, 28], [18, 16], [19, 3], [20, 25], [21, 7], [22, 20], [23, 26], [24, 10], [25, 6], [26, 1], [27, 4], [28, 9], [29, 23]], time:29.58146619796753