obj:65366.0, sol:[[0, 22], [1, 11], [2, 17], [3, 13], [4, 19], [5, 15], [6, 26], [7, 28], [8, 29], [9, 25], [10, 8], [11, 21], [12, 6], [13, 10], [14, 5], [15, 0], [16, 3], [17, 14], [18, 20], [19, 7], [20, 12], [21, 9], [22, 27], [23, 24], [24, 16], [25, 4], [26, 2], [27, 23], [28, 1], [29, 18]], time:15.079838514328003