obj:76650.0, sol:[[0, 6], [1, 8], [2, 12], [3, 16], [4, 5], [5, 7], [6, 20], [7, 15], [8, 2], [9, 10], [10, 11], [11, 3], [12, 1], [13, 24], [14, 4], [15, 22], [16, 27], [17, 17], [18, 25], [19, 21], [20, 19], [21, 28], [22, 18], [23, 23], [24, 14], [25, 26], [26, 0], [27, 13], [28, 9], [29, 29]], time:24.22635579109192