obj:94540.0, sol:[[0, 28], [1, 23], [2, 16], [3, 29], [4, 8], [5, 17], [6, 7], [7, 21], [8, 2], [9, 22], [10, 14], [11, 9], [12, 26], [13, 12], [14, 27], [15, 5], [16, 19], [17, 25], [18, 13], [19, 4], [20, 0], [21, 10], [22, 1], [23, 24], [24, 3], [25, 20], [26, 15], [27, 18], [28, 6], [29, 11]], time:18.418002367019653