obj:86088.0, sol:[[0, 14], [1, 12], [2, 8], [3, 28], [4, 23], [5, 24], [6, 25], [7, 0], [8, 26], [9, 2], [10, 1], [11, 4], [12, 17], [13, 21], [14, 3], [15, 29], [16, 13], [17, 19], [18, 22], [19, 16], [20, 10], [21, 27], [22, 15], [23, 5], [24, 7], [25, 11], [26, 9], [27, 18], [28, 20], [29, 6]], time:27.471206665039062