obj:79410.0, sol:[[0, 5], [1, 24], [2, 26], [3, 28], [4, 21], [5, 15], [6, 7], [7, 9], [8, 17], [9, 3], [10, 25], [11, 6], [12, 19], [13, 16], [14, 14], [15, 22], [16, 8], [17, 20], [18, 0], [19, 18], [20, 10], [21, 13], [22, 29], [23, 4], [24, 2], [25, 12], [26, 27], [27, 11], [28, 23], [29, 1]], time:29.99634599685669