obj:87806.0, sol:[[0, 16], [1, 2], [2, 26], [3, 6], [4, 10], [5, 19], [6, 27], [7, 23], [8, 28], [9, 24], [10, 14], [11, 9], [12, 15], [13, 22], [14, 7], [15, 29], [16, 12], [17, 25], [18, 8], [19, 1], [20, 21], [21, 11], [22, 3], [23, 20], [24, 0], [25, 13], [26, 4], [27, 18], [28, 17], [29, 5]], time:35.506837368011475