obj:81824.0, sol:[[0, 8], [1, 12], [2, 4], [3, 2], [4, 10], [5, 9], [6, 0], [7, 26], [8, 21], [9, 28], [10, 11], [11, 20], [12, 24], [13, 23], [14, 15], [15, 14], [16, 17], [17, 27], [18, 29], [19, 3], [20, 16], [21, 18], [22, 13], [23, 19], [24, 22], [25, 5], [26, 25], [27, 1], [28, 7], [29, 6]], time:18.842347621917725