obj:111794.0, sol:[[0, 18], [1, 22], [2, 7], [3, 20], [4, 19], [5, 13], [6, 8], [7, 0], [8, 5], [9, 9], [10, 10], [11, 11], [12, 1], [13, 14], [14, 4], [15, 24], [16, 17], [17, 3], [18, 29], [19, 6], [20, 28], [21, 12], [22, 2], [23, 26], [24, 23], [25, 15], [26, 16], [27, 27], [28, 25], [29, 21]], time:67.78395080566406