obj:73082.0, sol:[[0, 20], [1, 3], [2, 22], [3, 16], [4, 23], [5, 29], [6, 6], [7, 1], [8, 21], [9, 11], [10, 4], [11, 10], [12, 17], [13, 26], [14, 15], [15, 2], [16, 27], [17, 0], [18, 8], [19, 5], [20, 28], [21, 24], [22, 19], [23, 14], [24, 9], [25, 13], [26, 18], [27, 12], [28, 25], [29, 7]], time:28.90090560913086