obj:94748.0, sol:[[0, 1], [1, 19], [2, 11], [3, 17], [4, 0], [5, 10], [6, 15], [7, 22], [8, 13], [9, 20], [10, 4], [11, 14], [12, 18], [13, 8], [14, 21], [15, 6], [16, 27], [17, 26], [18, 29], [19, 24], [20, 25], [21, 2], [22, 16], [23, 28], [24, 3], [25, 12], [26, 5], [27, 7], [28, 9], [29, 23]], time:34.71913433074951