obj:105260.0, sol:[[0, 6], [1, 2], [2, 25], [3, 15], [4, 12], [5, 20], [6, 16], [7, 7], [8, 17], [9, 0], [10, 11], [11, 29], [12, 1], [13, 10], [14, 14], [15, 19], [16, 4], [17, 23], [18, 27], [19, 21], [20, 18], [21, 9], [22, 28], [23, 26], [24, 22], [25, 13], [26, 5], [27, 8], [28, 3], [29, 24]], time:30.144052028656006