obj:88854.0, sol:[[0, 14], [1, 29], [2, 3], [3, 27], [4, 4], [5, 17], [6, 24], [7, 2], [8, 7], [9, 15], [10, 9], [11, 11], [12, 16], [13, 5], [14, 22], [15, 23], [16, 26], [17, 13], [18, 28], [19, 6], [20, 18], [21, 21], [22, 8], [23, 12], [24, 20], [25, 25], [26, 1], [27, 19], [28, 0], [29, 10]], time:24.442729234695435