obj:90994.0, sol:[[0, 20], [1, 15], [2, 7], [3, 12], [4, 28], [5, 19], [6, 26], [7, 18], [8, 29], [9, 9], [10, 25], [11, 14], [12, 22], [13, 0], [14, 27], [15, 3], [16, 24], [17, 5], [18, 16], [19, 13], [20, 17], [21, 27], [22, 4], [23, 11], [24, 6], [25, 23], [26, 8], [27, 21], [28, 0], [29, 1]], time:39.99030137062073