obj:69524.0, sol:[[0, 17], [1, 7], [2, 11], [3, 28], [4, 22], [5, 23], [6, 8], [7, 18], [8, 5], [9, 1], [10, 24], [11, 19], [12, 4], [13, 15], [14, 13], [15, 2], [16, 14], [17, 26], [18, 20], [19, 3], [20, 21], [21, 25], [22, 10], [23, 27], [24, 6], [25, 12], [26, 16], [27, 29], [28, 9], [29, 0]], time:11.106856346130371