obj:96038.0, sol:[[0, 14], [1, 6], [2, 2], [3, 0], [4, 29], [5, 12], [6, 3], [7, 8], [8, 9], [9, 19], [10, 11], [11, 24], [12, 7], [13, 27], [14, 21], [15, 17], [16, 1], [17, 22], [18, 16], [19, 5], [20, 4], [21, 13], [22, 10], [23, 23], [24, 26], [25, 18], [26, 25], [27, 28], [28, 15], [29, 20]], time:23.806619882583618