obj:88954.0, sol:[[0, 1], [1, 27], [2, 19], [3, 18], [4, 16], [5, 13], [6, 4], [7, 26], [8, 3], [9, 28], [10, 2], [11, 6], [12, 12], [13, 22], [14, 9], [15, 24], [16, 20], [17, 25], [18, 17], [19, 21], [20, 15], [21, 14], [22, 0], [23, 8], [24, 23], [25, 29], [26, 10], [27, 7], [28, 5], [29, 11]], time:27.913979530334473