obj:73766.0, sol:[[0, 9], [1, 15], [2, 5], [3, 6], [4, 20], [5, 2], [6, 16], [7, 1], [8, 10], [9, 8], [10, 25], [11, 0], [12, 4], [13, 26], [14, 13], [15, 12], [16, 3], [17, 14], [18, 22], [19, 28], [20, 17], [21, 23], [22, 24], [23, 19], [24, 29], [25, 11], [26, 7], [27, 21], [28, 27], [29, 18]], time:30.347339391708374