obj:79626.0, sol:[[0, 9], [1, 19], [2, 3], [3, 14], [4, 28], [5, 6], [6, 1], [7, 16], [8, 26], [9, 5], [10, 24], [11, 21], [12, 25], [13, 11], [14, 20], [15, 7], [16, 10], [17, 22], [18, 15], [19, 29], [20, 27], [21, 12], [22, 2], [23, 13], [24, 4], [25, 0], [26, 18], [27, 17], [28, 23], [29, 8]], time:18.16396737098694