obj:67334.0, sol:[[0, 18], [1, 27], [2, 15], [3, 5], [4, 21], [5, 4], [6, 11], [7, 3], [8, 19], [9, 28], [10, 24], [11, 16], [12, 6], [13, 13], [14, 17], [15, 23], [16, 14], [17, 8], [18, 1], [19, 9], [20, 20], [21, 29], [22, 25], [23, 10], [24, 7], [25, 0], [26, 2], [27, 26], [28, 22], [29, 12]], time:24.12693190574646