obj:91348.0, sol:[[0, 6], [1, 10], [2, 9], [3, 13], [4, 23], [5, 14], [6, 0], [7, 8], [8, 28], [9, 3], [10, 26], [11, 17], [12, 29], [13, 24], [14, 22], [15, 15], [16, 20], [17, 18], [18, 25], [19, 19], [20, 16], [21, 27], [22, 7], [23, 11], [24, 5], [25, 12], [26, 2], [27, 21], [28, 1], [29, 4]], time:14.6211256980896