obj:91046.0, sol:[[0, 4], [1, 17], [2, 0], [3, 24], [4, 7], [5, 11], [6, 15], [7, 14], [8, 3], [9, 8], [10, 19], [11, 28], [12, 27], [13, 16], [14, 22], [15, 5], [16, 10], [17, 26], [18, 12], [19, 21], [20, 13], [21, 2], [22, 29], [23, 20], [24, 25], [25, 23], [26, 6], [27, 18], [28, 1], [29, 9]], time:53.16003918647766