obj:86146.0, sol:[[0, 11], [1, 17], [2, 21], [3, 8], [4, 15], [5, 1], [6, 0], [7, 25], [8, 29], [9, 10], [10, 23], [11, 14], [12, 19], [13, 7], [14, 26], [15, 18], [16, 24], [17, 20], [18, 22], [19, 12], [20, 3], [21, 13], [22, 4], [23, 27], [24, 16], [25, 5], [26, 2], [27, 28], [28, 6], [29, 9]], time:35.467862606048584