obj:76732.0, sol:[[0, 9], [1, 29], [2, 25], [3, 13], [4, 11], [5, 17], [6, 27], [7, 8], [8, 19], [9, 23], [10, 4], [11, 26], [12, 6], [13, 10], [14, 15], [15, 18], [16, 0], [17, 24], [18, 22], [19, 28], [20, 21], [21, 3], [22, 20], [23, 2], [24, 7], [25, 1], [26, 5], [27, 12], [28, 14], [29, 16]], time:15.418050289154053