obj:90740.0, sol:[[0, 3], [1, 1], [2, 25], [3, 0], [4, 27], [5, 14], [6, 22], [7, 4], [8, 10], [9, 17], [10, 21], [11, 12], [12, 9], [13, 11], [14, 2], [15, 19], [16, 18], [17, 7], [18, 8], [19, 13], [20, 26], [21, 5], [22, 6], [23, 29], [24, 23], [25, 24], [26, 28], [27, 15], [28, 16], [29, 20]], time:20.822991847991943