obj:70058.0, sol:[[0, 27], [1, 24], [2, 4], [3, 6], [4, 18], [5, 23], [6, 17], [7, 8], [8, 29], [9, 5], [10, 7], [11, 16], [12, 26], [13, 25], [14, 22], [15, 14], [16, 19], [17, 9], [18, 13], [19, 15], [20, 21], [21, 0], [22, 1], [23, 28], [24, 2], [25, 12], [26, 3], [27, 11], [28, 10], [29, 20]], time:14.771548509597778