obj:74918.0, sol:[[0, 16], [1, 11], [2, 20], [3, 2], [4, 5], [5, 4], [6, 9], [7, 10], [8, 7], [9, 25], [10, 24], [11, 19], [12, 23], [13, 26], [14, 14], [15, 15], [16, 21], [17, 28], [18, 17], [19, 0], [20, 3], [21, 13], [22, 12], [23, 1], [24, 8], [25, 29], [26, 18], [27, 22], [28, 6], [29, 27]], time:20.9732186794281