obj:64744.0, sol:[[0, 24], [1, 19], [2, 2], [3, 17], [4, 20], [5, 16], [6, 27], [7, 3], [8, 26], [9, 29], [10, 23], [11, 21], [12, 11], [13, 22], [14, 0], [15, 28], [16, 9], [17, 4], [18, 8], [19, 5], [20, 12], [21, 13], [22, 15], [23, 18], [24, 7], [25, 1], [26, 10], [27, 6], [28, 14], [29, 25]], time:32.7652530670166