obj:84736.0, sol:[[0, 1], [1, 11], [2, 2], [3, 10], [4, 18], [5, 19], [6, 17], [7, 22], [8, 26], [9, 12], [10, 21], [11, 14], [12, 13], [13, 23], [14, 6], [15, 29], [16, 16], [17, 15], [18, 8], [19, 5], [20, 27], [21, 28], [22, 4], [23, 3], [24, 9], [25, 24], [26, 25], [27, 0], [28, 7], [29, 20]], time:35.625253438949585