obj:78798.0, sol:[[0, 4], [1, 28], [2, 23], [3, 12], [4, 17], [5, 14], [6, 24], [7, 19], [8, 7], [9, 18], [10, 29], [11, 16], [12, 22], [13, 0], [14, 1], [15, 11], [16, 13], [17, 21], [18, 2], [19, 10], [20, 25], [21, 26], [22, 8], [23, 5], [24, 20], [25, 27], [26, 6], [27, 9], [28, 15], [29, 3]], time:15.776527643203735