obj:67058.0, sol:[[0, 9], [1, 1], [2, 26], [3, 18], [4, 15], [5, 22], [6, 23], [7, 24], [8, 3], [9, 13], [10, 5], [11, 21], [12, 8], [13, 0], [14, 19], [15, 25], [16, 2], [17, 27], [18, 14], [19, 16], [20, 6], [21, 20], [22, 4], [23, 10], [24, 28], [25, 17], [26, 12], [27, 7], [28, 29], [29, 11]], time:17.81800866127014