obj:96870.0, sol:[[0, 11], [1, 12], [2, 7], [3, 22], [4, 15], [5, 25], [6, 13], [7, 16], [8, 1], [9, 19], [10, 2], [11, 0], [12, 14], [13, 21], [14, 24], [15, 6], [16, 10], [17, 8], [18, 5], [19, 27], [20, 4], [21, 17], [22, 3], [23, 23], [24, 26], [25, 29], [26, 9], [27, 20], [28, 18], [29, 28]], time:32.531516313552856