obj:81048.0, sol:[[0, 1], [1, 12], [2, 0], [3, 28], [4, 19], [5, 15], [6, 11], [7, 29], [8, 13], [9, 14], [10, 23], [11, 18], [12, 7], [13, 9], [14, 4], [15, 2], [16, 17], [17, 8], [18, 10], [19, 22], [20, 16], [21, 24], [22, 25], [23, 6], [24, 5], [25, 20], [26, 27], [27, 21], [28, 26], [29, 3]], time:18.80304980278015