obj:92870.0, sol:[[0, 8], [1, 23], [2, 26], [3, 0], [4, 9], [5, 16], [6, 13], [7, 29], [8, 22], [9, 18], [10, 1], [11, 20], [12, 4], [13, 24], [14, 5], [15, 7], [16, 25], [17, 15], [18, 17], [19, 2], [20, 21], [21, 28], [22, 10], [23, 19], [24, 6], [25, 14], [26, 3], [27, 27], [28, 11], [29, 12]], time:59.037527322769165