obj:114806.0, sol:[[0, 19], [1, 15], [2, 0], [3, 3], [4, 17], [5, 13], [6, 25], [7, 12], [8, 23], [9, 7], [10, 2], [11, 27], [12, 10], [13, 22], [14, 28], [15, 1], [16, 29], [17, 9], [18, 18], [19, 11], [20, 21], [21, 4], [22, 6], [23, 20], [24, 14], [25, 8], [26, 5], [27, 16], [28, 24], [29, 26]], time:53.26091814041138