obj:83142.0, sol:[[0, 0], [1, 24], [2, 25], [3, 19], [4, 28], [5, 23], [6, 26], [7, 29], [8, 20], [9, 14], [10, 5], [11, 21], [12, 12], [13, 10], [14, 18], [15, 6], [16, 11], [17, 8], [18, 1], [19, 4], [20, 7], [21, 15], [22, 9], [23, 27], [24, 17], [25, 2], [26, 3], [27, 16], [28, 22], [29, 13]], time:28.34176278114319