obj:78382.0, sol:[[0, 21], [1, 24], [2, 5], [3, 28], [4, 3], [5, 15], [6, 7], [7, 19], [8, 29], [9, 0], [10, 20], [11, 11], [12, 4], [13, 26], [14, 13], [15, 14], [16, 16], [17, 17], [18, 22], [19, 12], [20, 8], [21, 25], [22, 9], [23, 1], [24, 18], [25, 27], [26, 10], [27, 6], [28, 23], [29, 2]], time:36.42080235481262