obj:80620.0, sol:[[0, 15], [1, 11], [2, 3], [3, 24], [4, 21], [5, 22], [6, 1], [7, 28], [8, 2], [9, 5], [10, 12], [11, 6], [12, 29], [13, 4], [14, 19], [15, 17], [16, 27], [17, 16], [18, 9], [19, 13], [20, 26], [21, 8], [22, 14], [23, 10], [24, 23], [25, 7], [26, 25], [27, 18], [28, 0], [29, 20]], time:52.63470506668091