obj:86598.0, sol:[[0, 12], [1, 14], [2, 4], [3, 24], [4, 26], [5, 9], [6, 28], [7, 20], [8, 25], [9, 0], [10, 6], [11, 27], [12, 8], [13, 19], [14, 22], [15, 7], [16, 11], [17, 29], [18, 10], [19, 5], [20, 1], [21, 23], [22, 3], [23, 16], [24, 13], [25, 2], [26, 21], [27, 17], [28, 15], [29, 18]], time:20.22518539428711