obj:95634.0, sol:[[0, 16], [1, 8], [2, 10], [3, 11], [4, 22], [5, 2], [6, 0], [7, 5], [8, 18], [9, 17], [10, 9], [11, 1], [12, 12], [13, 3], [14, 19], [15, 25], [16, 15], [17, 24], [18, 23], [19, 4], [20, 14], [21, 27], [22, 20], [23, 21], [24, 6], [25, 7], [26, 26], [27, 29], [28, 28], [29, 13]], time:23.023706197738647