obj:88860.0, sol:[[0, 21], [1, 5], [2, 27], [3, 9], [4, 26], [5, 17], [6, 12], [7, 1], [8, 2], [9, 24], [10, 20], [11, 19], [12, 18], [13, 4], [14, 8], [15, 3], [16, 29], [17, 6], [18, 15], [19, 11], [20, 13], [21, 25], [22, 16], [23, 0], [24, 7], [25, 28], [26, 23], [27, 10], [28, 22], [29, 14]], time:24.343719720840454