obj:71314.0, sol:[[0, 0], [1, 5], [2, 22], [3, 7], [4, 12], [5, 17], [6, 26], [7, 23], [8, 24], [9, 8], [10, 21], [11, 28], [12, 11], [13, 3], [14, 25], [15, 1], [16, 19], [17, 27], [18, 18], [19, 16], [20, 9], [21, 29], [22, 15], [23, 6], [24, 10], [25, 13], [26, 20], [27, 4], [28, 2], [29, 14]], time:30.630920886993408