obj:69062.0, sol:[[0, 16], [1, 17], [2, 2], [3, 27], [4, 21], [5, 14], [6, 23], [7, 0], [8, 6], [9, 15], [10, 1], [11, 20], [12, 9], [13, 3], [14, 25], [15, 29], [16, 28], [17, 8], [18, 11], [19, 26], [20, 13], [21, 4], [22, 10], [23, 18], [24, 5], [25, 7], [26, 24], [27, 12], [28, 19], [29, 22]], time:32.99463486671448