obj:88548.0, sol:[[0, 24], [1, 26], [2, 23], [3, 27], [4, 10], [5, 7], [6, 25], [7, 19], [8, 22], [9, 13], [10, 14], [11, 8], [12, 28], [13, 1], [14, 0], [15, 17], [16, 9], [17, 2], [18, 20], [19, 21], [20, 4], [21, 12], [22, 5], [23, 3], [24, 6], [25, 15], [26, 11], [27, 29], [28, 16], [29, 18]], time:25.33785653114319