obj:77842.0, sol:[[0, 14], [1, 0], [2, 4], [3, 16], [4, 19], [5, 10], [6, 29], [7, 11], [8, 26], [9, 25], [10, 24], [11, 5], [12, 17], [13, 6], [14, 9], [15, 23], [16, 2], [17, 12], [18, 22], [19, 21], [20, 1], [21, 3], [22, 20], [23, 15], [24, 13], [25, 27], [26, 28], [27, 7], [28, 8], [29, 18]], time:34.261430501937866