obj:79406.0, sol:[[0, 7], [1, 22], [2, 26], [3, 23], [4, 5], [5, 18], [6, 3], [7, 9], [8, 6], [9, 21], [10, 15], [11, 27], [12, 12], [13, 14], [14, 28], [15, 10], [16, 2], [17, 24], [18, 20], [19, 0], [20, 17], [21, 8], [22, 13], [23, 25], [24, 19], [25, 11], [26, 29], [27, 16], [28, 4], [29, 1]], time:33.15745186805725