obj:72388.0, sol:[[0, 7], [1, 22], [2, 18], [3, 3], [4, 14], [5, 4], [6, 10], [7, 2], [8, 19], [9, 9], [10, 13], [11, 23], [12, 27], [13, 15], [14, 6], [15, 8], [16, 17], [17, 26], [18, 20], [19, 28], [20, 1], [21, 25], [22, 11], [23, 29], [24, 16], [25, 21], [26, 5], [27, 24], [28, 12], [29, 0]], time:37.00727438926697