obj:96952.0, sol:[[0, 12], [1, 29], [2, 16], [3, 28], [4, 0], [5, 24], [6, 9], [7, 2], [8, 13], [9, 8], [10, 1], [11, 19], [12, 18], [13, 21], [14, 7], [15, 11], [16, 15], [17, 20], [18, 3], [19, 22], [20, 17], [21, 10], [22, 14], [23, 27], [24, 26], [25, 4], [26, 25], [27, 6], [28, 23], [29, 5]], time:66.037517786026