obj:91934.0, sol:[[0, 5], [1, 2], [2, 8], [3, 27], [4, 21], [5, 9], [6, 1], [7, 10], [8, 19], [9, 17], [10, 28], [11, 6], [12, 23], [13, 26], [14, 24], [15, 14], [16, 4], [17, 11], [18, 7], [19, 18], [20, 16], [21, 15], [22, 12], [23, 13], [24, 25], [25, 0], [26, 22], [27, 3], [28, 29], [29, 20]], time:33.682355642318726