obj:67612.0, sol:[[0, 3], [1, 0], [2, 20], [3, 18], [4, 12], [5, 14], [6, 17], [7, 15], [8, 13], [9, 6], [10, 24], [11, 5], [12, 28], [13, 27], [14, 11], [15, 23], [16, 19], [17, 25], [18, 4], [19, 29], [20, 1], [21, 26], [22, 7], [23, 9], [24, 21], [25, 10], [26, 2], [27, 22], [28, 16], [29, 8]], time:27.91467523574829