obj:89158.0, sol:[[0, 5], [1, 4], [2, 28], [3, 0], [4, 20], [5, 23], [6, 15], [7, 3], [8, 11], [9, 8], [10, 1], [11, 21], [12, 16], [13, 13], [14, 27], [15, 25], [16, 29], [17, 24], [18, 26], [19, 10], [20, 17], [21, 22], [22, 6], [23, 18], [24, 9], [25, 19], [26, 14], [27, 2], [28, 12], [29, 7]], time:71.16220736503601