obj:76922.0, sol:[[0, 5], [1, 20], [2, 14], [3, 7], [4, 25], [5, 19], [6, 13], [7, 15], [8, 8], [9, 2], [10, 18], [11, 6], [12, 16], [13, 3], [14, 1], [15, 28], [16, 17], [17, 9], [18, 23], [19, 11], [20, 21], [21, 24], [22, 29], [23, 0], [24, 12], [25, 4], [26, 10], [27, 26], [28, 27], [29, 22]], time:46.47338628768921