obj:111568.0, sol:[[0, 26], [1, 24], [2, 19], [3, 16], [4, 4], [5, 7], [6, 20], [7, 1], [8, 29], [9, 5], [10, 14], [11, 25], [12, 11], [13, 22], [14, 15], [15, 3], [16, 17], [17, 9], [18, 2], [19, 28], [20, 0], [21, 21], [22, 8], [23, 10], [24, 23], [25, 27], [26, 13], [27, 12], [28, 18], [29, 6]], time:38.598286390304565