obj:105002.0, sol:[[0, 26], [1, 5], [2, 15], [3, 9], [4, 3], [5, 23], [6, 20], [7, 10], [8, 4], [9, 18], [10, 0], [11, 28], [12, 14], [13, 11], [14, 2], [15, 12], [16, 27], [17, 1], [18, 22], [19, 24], [20, 21], [21, 17], [22, 6], [23, 7], [24, 13], [25, 29], [26, 8], [27, 25], [28, 16], [29, 19]], time:40.20811319351196