obj:94344.0, sol:[[0, 26], [1, 7], [2, 4], [3, 12], [4, 15], [5, 27], [6, 5], [7, 20], [8, 0], [9, 1], [10, 8], [11, 21], [12, 2], [13, 16], [14, 11], [15, 29], [16, 9], [17, 17], [18, 13], [19, 22], [20, 18], [21, 10], [22, 25], [23, 28], [24, 14], [25, 23], [26, 6], [27, 3], [28, 24], [29, 19]], time:19.041640043258667