obj:82692.0, sol:[[0, 6], [1, 9], [2, 27], [3, 25], [4, 17], [5, 20], [6, 23], [7, 11], [8, 15], [9, 18], [10, 14], [11, 0], [12, 7], [13, 16], [14, 19], [15, 29], [16, 8], [17, 21], [18, 2], [19, 12], [20, 1], [21, 24], [22, 28], [23, 3], [24, 22], [25, 13], [26, 26], [27, 4], [28, 10], [29, 5]], time:33.66333746910095