obj:98448.0, sol:[[0, 24], [1, 25], [2, 0], [3, 23], [4, 4], [5, 26], [6, 21], [7, 14], [8, 10], [9, 3], [10, 27], [11, 20], [12, 6], [13, 17], [14, 5], [15, 28], [16, 29], [17, 13], [18, 16], [19, 11], [20, 18], [21, 19], [22, 9], [23, 15], [24, 1], [25, 2], [26, 22], [27, 8], [28, 12], [29, 7]], time:30.325311422348022