obj:78382.0, sol:[[0, 17], [1, 24], [2, 11], [3, 26], [4, 1], [5, 22], [6, 5], [7, 6], [8, 25], [9, 0], [10, 23], [11, 9], [12, 18], [13, 21], [14, 14], [15, 29], [16, 8], [17, 19], [18, 28], [19, 12], [20, 3], [21, 13], [22, 4], [23, 20], [24, 27], [25, 7], [26, 2], [27, 15], [28, 10], [29, 16]], time:31.135721445083618