obj:94604.0, sol:[[0, 18], [1, 1], [2, 12], [3, 25], [4, 4], [5, 27], [6, 7], [7, 6], [8, 20], [9, 3], [10, 8], [11, 21], [12, 24], [13, 14], [14, 10], [15, 29], [16, 5], [17, 0], [18, 9], [19, 2], [20, 19], [21, 13], [22, 26], [23, 15], [24, 23], [25, 11], [26, 16], [27, 22], [28, 17], [29, 28]], time:21.049331188201904