obj:75210.0, sol:[[0, 28], [1, 25], [2, 20], [3, 18], [4, 13], [5, 8], [6, 9], [7, 23], [8, 24], [9, 22], [10, 27], [11, 19], [12, 4], [13, 11], [14, 10], [15, 21], [16, 0], [17, 2], [18, 17], [19, 5], [20, 12], [21, 6], [22, 15], [23, 16], [24, 29], [25, 3], [26, 14], [27, 26], [28, 1], [29, 7]], time:46.02724361419678