obj:111158.0, sol:[[0, 24], [1, 1], [2, 29], [3, 20], [4, 5], [5, 16], [6, 12], [7, 17], [8, 13], [9, 25], [10, 14], [11, 10], [12, 21], [13, 0], [14, 3], [15, 11], [16, 22], [17, 7], [18, 19], [19, 26], [20, 15], [21, 2], [22, 23], [23, 18], [24, 28], [25, 6], [26, 8], [27, 4], [28, 27], [29, 9]], time:41.699193239212036