obj:100762.0, sol:[[0, 24], [1, 23], [2, 4], [3, 11], [4, 15], [5, 20], [6, 9], [7, 6], [8, 22], [9, 14], [10, 21], [11, 29], [12, 16], [13, 10], [14, 13], [15, 26], [16, 7], [17, 12], [18, 19], [19, 1], [20, 0], [21, 28], [22, 2], [23, 17], [24, 3], [25, 8], [26, 5], [27, 25], [28, 27], [29, 18]], time:26.541600942611694