obj:76284.0, sol:[[0, 18], [1, 25], [2, 15], [3, 21], [4, 5], [5, 9], [6, 8], [7, 16], [8, 11], [9, 1], [10, 23], [11, 24], [12, 6], [13, 10], [14, 2], [15, 14], [16, 22], [17, 7], [18, 12], [19, 0], [20, 29], [21, 28], [22, 26], [23, 17], [24, 13], [25, 3], [26, 4], [27, 20], [28, 27], [29, 19]], time:26.94908833503723