obj:88340.0, sol:[[0, 4], [1, 2], [2, 8], [3, 17], [4, 13], [5, 27], [6, 3], [7, 29], [8, 21], [9, 18], [10, 5], [11, 6], [12, 25], [13, 10], [14, 16], [15, 7], [16, 14], [17, 23], [18, 28], [19, 9], [20, 20], [21, 26], [22, 11], [23, 24], [24, 12], [25, 0], [26, 19], [27, 15], [28, 22], [29, 1]], time:43.01659369468689