obj:90100.0, sol:[[0, 11], [1, 3], [2, 2], [3, 24], [4, 21], [5, 17], [6, 25], [7, 9], [8, 19], [9, 29], [10, 15], [11, 13], [12, 8], [13, 20], [14, 22], [15, 28], [16, 5], [17, 6], [18, 4], [19, 1], [20, 12], [21, 18], [22, 16], [23, 7], [24, 10], [25, 14], [26, 26], [27, 27], [28, 23], [29, 0]], time:25.37707257270813