obj:85184.0, sol:[[0, 22], [1, 11], [2, 20], [3, 7], [4, 3], [5, 26], [6, 25], [7, 19], [8, 2], [9, 8], [10, 27], [11, 17], [12, 18], [13, 24], [14, 28], [15, 10], [16, 0], [17, 6], [18, 13], [19, 23], [20, 16], [21, 29], [22, 21], [23, 15], [24, 12], [25, 5], [26, 14], [27, 1], [28, 9], [29, 4]], time:48.65300703048706