obj:101508.0, sol:[[0, 20], [1, 4], [2, 10], [3, 9], [4, 5], [5, 22], [6, 29], [7, 12], [8, 24], [9, 7], [10, 3], [11, 23], [12, 8], [13, 19], [14, 16], [15, 18], [16, 6], [17, 11], [18, 17], [19, 13], [20, 15], [21, 26], [22, 14], [23, 27], [24, 25], [25, 0], [26, 21], [27, 1], [28, 28], [29, 2]], time:44.836257219314575