obj:86162.0, sol:[[0, 12], [1, 2], [2, 20], [3, 13], [4, 28], [5, 24], [6, 17], [7, 9], [8, 14], [9, 21], [10, 27], [11, 4], [12, 5], [13, 25], [14, 26], [15, 3], [16, 6], [17, 23], [18, 15], [19, 0], [20, 19], [21, 10], [22, 8], [23, 7], [24, 22], [25, 29], [26, 18], [27, 1], [28, 11], [29, 16]], time:48.09541416168213