obj:101480.0, sol:[[0, 2], [1, 28], [2, 7], [3, 17], [4, 13], [5, 1], [6, 19], [7, 0], [8, 16], [9, 25], [10, 12], [11, 15], [12, 27], [13, 10], [14, 22], [15, 6], [16, 21], [17, 20], [18, 9], [19, 14], [20, 4], [21, 11], [22, 24], [23, 8], [24, 3], [25, 18], [26, 29], [27, 26], [28, 23], [29, 5]], time:20.650126695632935