obj:78708.0, sol:[[0, 24], [1, 19], [2, 18], [3, 26], [4, 15], [5, 6], [6, 13], [7, 12], [8, 14], [9, 0], [10, 3], [11, 16], [12, 7], [13, 11], [14, 4], [15, 23], [16, 22], [17, 5], [18, 10], [19, 25], [20, 21], [21, 8], [22, 2], [23, 27], [24, 29], [25, 9], [26, 1], [27, 17], [28, 28], [29, 20]], time:24.477964639663696