obj:97836.0, sol:[[0, 4], [1, 26], [2, 24], [3, 17], [4, 6], [5, 2], [6, 28], [7, 8], [8, 21], [9, 27], [10, 11], [11, 14], [12, 20], [13, 3], [14, 9], [15, 1], [16, 25], [17, 29], [18, 13], [19, 19], [20, 16], [21, 23], [22, 0], [23, 18], [24, 10], [25, 15], [26, 12], [27, 5], [28, 7], [29, 22]], time:38.41914892196655