obj:79604.0, sol:[[0, 7], [1, 4], [2, 22], [3, 3], [4, 28], [5, 9], [6, 0], [7, 1], [8, 27], [9, 6], [10, 20], [11, 19], [12, 13], [13, 14], [14, 17], [15, 24], [16, 11], [17, 25], [18, 26], [19, 23], [20, 8], [21, 12], [22, 2], [23, 18], [24, 15], [25, 5], [26, 21], [27, 29], [28, 10], [29, 16]], time:37.72413969039917