obj:71308.0, sol:[[0, 2], [1, 11], [2, 29], [3, 23], [4, 19], [5, 14], [6, 16], [7, 12], [8, 26], [9, 25], [10, 28], [11, 10], [12, 15], [13, 8], [14, 24], [15, 3], [16, 6], [17, 27], [18, 9], [19, 0], [20, 5], [21, 22], [22, 4], [23, 13], [24, 17], [25, 18], [26, 1], [27, 20], [28, 7], [29, 21]], time:20.420964002609253