obj:100276.0, sol:[[0, 6], [1, 12], [2, 2], [3, 0], [4, 26], [5, 7], [6, 10], [7, 9], [8, 14], [9, 4], [10, 21], [11, 19], [12, 24], [13, 25], [14, 11], [15, 18], [16, 1], [17, 29], [18, 13], [19, 15], [20, 8], [21, 3], [22, 20], [23, 23], [24, 16], [25, 22], [26, 28], [27, 27], [28, 5], [29, 17]], time:49.278780460357666