obj:87468.0, sol:[[0, 23], [1, 15], [2, 26], [3, 14], [4, 25], [5, 13], [6, 11], [7, 12], [8, 5], [9, 21], [10, 27], [11, 16], [12, 0], [13, 18], [14, 22], [15, 19], [16, 10], [17, 29], [18, 17], [19, 7], [20, 20], [21, 4], [22, 8], [23, 3], [24, 6], [25, 28], [26, 9], [27, 24], [28, 1], [29, 2]], time:32.001402616500854