obj:93972.0, sol:[[0, 19], [1, 11], [2, 13], [3, 16], [4, 10], [5, 4], [6, 23], [7, 9], [8, 27], [9, 22], [10, 21], [11, 6], [12, 15], [13, 28], [14, 5], [15, 14], [16, 24], [17, 20], [18, 18], [19, 26], [20, 2], [21, 17], [22, 12], [23, 7], [24, 25], [25, 3], [26, 1], [27, 0], [28, 29], [29, 8]], time:19.3181893825531