obj:85182.0, sol:[[0, 16], [1, 15], [2, 14], [3, 6], [4, 2], [5, 19], [6, 20], [7, 12], [8, 1], [9, 22], [10, 13], [11, 18], [12, 3], [13, 11], [14, 17], [15, 27], [16, 21], [17, 9], [18, 25], [19, 7], [20, 10], [21, 8], [22, 28], [23, 29], [24, 5], [25, 24], [26, 4], [27, 23], [28, 26], [29, 0]], time:29.93625569343567