obj:76386.0, sol:[[0, 26], [1, 15], [2, 29], [3, 7], [4, 16], [5, 23], [6, 1], [7, 3], [8, 13], [9, 10], [10, 18], [11, 2], [12, 24], [13, 28], [14, 12], [15, 19], [16, 27], [17, 25], [18, 20], [19, 8], [20, 14], [21, 22], [22, 21], [23, 17], [24, 5], [25, 11], [26, 6], [27, 0], [28, 9], [29, 4]], time:17.059818267822266