obj:91398.0, sol:[[0, 21], [1, 16], [2, 23], [3, 0], [4, 15], [5, 5], [6, 10], [7, 3], [8, 17], [9, 24], [10, 9], [11, 29], [12, 27], [13, 14], [14, 20], [15, 25], [16, 28], [17, 11], [18, 1], [19, 2], [20, 13], [21, 12], [22, 26], [23, 6], [24, 18], [25, 19], [26, 4], [27, 22], [28, 7], [29, 8]], time:22.98343825340271