obj:96470.0, sol:[[0, 21], [1, 26], [2, 19], [3, 12], [4, 11], [5, 1], [6, 27], [7, 13], [8, 8], [9, 7], [10, 3], [11, 0], [12, 2], [13, 24], [14, 28], [15, 22], [16, 23], [17, 14], [18, 9], [19, 4], [20, 15], [21, 6], [22, 16], [23, 20], [24, 25], [25, 17], [26, 10], [27, 5], [28, 18], [29, 29]], time:41.43944048881531