obj:72388.0, sol:[[0, 26], [1, 1], [2, 6], [3, 19], [4, 8], [5, 16], [6, 12], [7, 11], [8, 5], [9, 15], [10, 14], [11, 24], [12, 22], [13, 27], [14, 13], [15, 2], [16, 7], [17, 3], [18, 29], [19, 25], [20, 0], [21, 23], [22, 21], [23, 18], [24, 17], [25, 20], [26, 9], [27, 4], [28, 28], [29, 10]], time:39.839088916778564