obj:102242.0, sol:[[0, 1], [1, 15], [2, 22], [3, 27], [4, 29], [5, 12], [6, 7], [7, 0], [8, 17], [9, 20], [10, 16], [11, 24], [12, 25], [13, 3], [14, 14], [15, 9], [16, 21], [17, 5], [18, 6], [19, 26], [20, 18], [21, 28], [22, 4], [23, 8], [24, 10], [25, 13], [26, 23], [27, 19], [28, 2], [29, 11]], time:21.36201763153076