729 416260
298 210 465 13 221 44 371 582 293 159 233 495 412 29 675 539 92 624 541 638 304 595 436 84 491 479 463 161 101 451 646 723 117 502 485 294 361 488 111 95 265 380 702 32 268 400 315 369 132 318 556 299 94 14 227 296 52 177 15 483 402 243 266 335 257 197 568 728 37 255 669 112 85 530 21 627 90 242 565 571 312 116 140 25 619 332 407 347 307 382 614 549 489 712 254 61 374 560 231 520 427 31 679 442 30 108 481 508 416 288 686 236 10 693 610 280 338 43 119 698 440 103 680 722 246 234 121 589 163 328 214 664 40 652 580 279 434 104 655 192 168 18 88 8 162 64 139 526 309 157 633 667 148 618 47 278 346 283 145 411 544 602 126 715 545 66 222 363 71 473 301 102 143 67 612 218 160 718 558 96 324 629 460 327 290 284 320 46 229 456 250 7 711 455 228 567 700 5 306 457 334 62 642 81 601 620 53 185 613 343 563 528 498 437 86 616 430 153 105 17 537 654 220 391 525 187 692 670 499 704 409 171 253 439 146 661 39 632 671 198 191 74 287 141 41 452 256 450 216 4 226 155 73 719 611 453 285 668 364 368 75 349 357 26 340 681 447 635 406 577 289 354 417 28 425 428 173 656 333 59 211 665 240 454 182 170 156 553 385 585 107 125 203 342 497 475 721 270 459 398 384 38 486 588 144 113 622 326 303 286 27 150 49 507 87 683 615 325 337 432 142 128 267 365 321 645 305 506 45 36 217 127 110 376 688 551 213 639 584 367 578 467 273 466 89 518 230 575 106 251 56 478 344 82 672 147 169 272 424 137 445 500 538 235 443 729 215 533 593 695 458 375 259 583 386 547 48 423 109 277 297 552 470 690 540 501 6 80 626 581 207 634 158 135 599 115 83 701 696 399 149 360 181 727 472 392 63 636 353 421 331 22 394 271 482 329 576 708 687 418 91 114 623 193 206 151 524 118 232 167 630 644 685 474 509 647 433 405 569 12 100 535 648 597 487 389 464 341 244 57 72 33 373 358 99 183 314 517 703 605 694 249 362 510 120 9 269 194 426 469 154 393 319 35 378 351 219 689 98 291 561 172 471 241 420 724 201 322 422 175 339 484 699 513 697 573 19 196 643 79 308 607 60 709 462 660 415 659 238 532 68 190 264 666 69 496 180 248 546 490 396 152 129 200 352 302 397 403 188 713 705 93 720 313 130 377 176 594 258 651 78 281 195 726 404 387 419 179 199 164 673 276 186 519 381 24 348 559 603 564 224 275 11 461 317 1 247 621 608 58 631 674 514 356 323 587 134 566 598 512 531 295 706 596 523 390 311 55 557 493 529 370 503 628 554 274 212 42 189 414 640 707 131 677 133 50 572 515 16 310 604 684 516 590 34 600 2 3 477 579 650 262 245 586 663 476 542 504 77 511 448 316 725 536 441 252 174 184 649 435 124 494 592 292 379 97 676 570 662 431 350 444 617 260 166 65 205 136 468 717 522 446 625 372 223 261 263 408 480 202 429 505 449 178 714 657 20 653 550 438 355 330 543 395 609 678 682 401 637 413 388 366 527 237 70 410 54 548 691 716 336 165 383 359 204 209 123 658 122 521 138 606 239 345 534 76 492 710 591 282 300 641 574 562 555 225 208 51 23
